// !$*UTF8*$!
{
	archiveVersion = 1;
	classes = {
	};
	objectVersion = 46;
	objects = {

/* Begin PBXBuildFile section */
		2D098BE91E7FF0DD00715510 /* main.m in Sources */ = {isa = PBXBuildFile; fileRef = 2D098BE81E7FF0DD00715510 /* main.m */; };
		2D098BEC1E7FF0DD00715510 /* AppDelegate.m in Sources */ = {isa = PBXBuildFile; fileRef = 2D098BEB1E7FF0DD00715510 /* AppDelegate.m */; };
		2D098BEF1E7FF0DD00715510 /* ViewController.m in Sources */ = {isa = PBXBuildFile; fileRef = 2D098BEE1E7FF0DD00715510 /* ViewController.m */; };
		2D098BF51E7FF0DD00715510 /* apple.xcdatamodeld in Sources */ = {isa = PBXBuildFile; fileRef = 2D098BF31E7FF0DD00715510 /* apple.xcdatamodeld */; };
		2D098BF71E7FF0DD00715510 /* Assets.xcassets in Resources */ = {isa = PBXBuildFile; fileRef = 2D098BF61E7FF0DD00715510 /* Assets.xcassets */; };
		2D098BFA1E7FF0DD00715510 /* LaunchScreen.storyboard in Resources */ = {isa = PBXBuildFile; fileRef = 2D098BF81E7FF0DD00715510 /* LaunchScreen.storyboard */; };
		2D098C051E7FF0DD00715510 /* appleTests.m in Sources */ = {isa = PBXBuildFile; fileRef = 2D098C041E7FF0DD00715510 /* appleTests.m */; };
		2D098C101E7FF0DD00715510 /* appleUITests.m in Sources */ = {isa = PBXBuildFile; fileRef = 2D098C0F1E7FF0DD00715510 /* appleUITests.m */; };
		2D28765F1EC1B1D8009B4BD7 /* AsyncTcpSocket.m in Sources */ = {isa = PBXBuildFile; fileRef = 2D28765E1EC1B1D8009B4BD7 /* AsyncTcpSocket.m */; };
		2D40952B1E95E3EF008E3BDE /* LeRHeadView.m in Sources */ = {isa = PBXBuildFile; fileRef = 2D40952A1E95E3EF008E3BDE /* LeRHeadView.m */; };
		2D5A9CBE1E8F966C0097DAC7 /* LeRViewController.m in Sources */ = {isa = PBXBuildFile; fileRef = 2D5A9CBD1E8F966C0097DAC7 /* LeRViewController.m */; };
		2D5A9CC21E8FA07B0097DAC7 /* LeRTableViewController.m in Sources */ = {isa = PBXBuildFile; fileRef = 2D5A9CC11E8FA07B0097DAC7 /* LeRTableViewController.m */; };
		2D5A9CC51E8FA0E00097DAC7 /* LeRBlankRefreshView.m in Sources */ = {isa = PBXBuildFile; fileRef = 2D5A9CC41E8FA0E00097DAC7 /* LeRBlankRefreshView.m */; };
		2D5A9CC81E8FA3600097DAC7 /* Common.strings in Resources */ = {isa = PBXBuildFile; fileRef = 2D5A9CC71E8FA3600097DAC7 /* Common.strings */; };
		2D5A9CCC1E8FA5210097DAC7 /* UIColor+CustomColor.m in Sources */ = {isa = PBXBuildFile; fileRef = 2D5A9CCB1E8FA5210097DAC7 /* UIColor+CustomColor.m */; };
		2D5A9CCF1E8FA9710097DAC7 /* UIView+Frame.m in Sources */ = {isa = PBXBuildFile; fileRef = 2D5A9CCE1E8FA9710097DAC7 /* UIView+Frame.m */; };
		2D6FB2E01EBDC5EA0052A266 /* LeRUITableViewWithRefreshControl.m in Sources */ = {isa = PBXBuildFile; fileRef = 2D6FB2DF1EBDC5EA0052A266 /* LeRUITableViewWithRefreshControl.m */; };
		2D7801DB1EF7711A004B074A /* GetIPAddress.m in Sources */ = {isa = PBXBuildFile; fileRef = 2D7801DA1EF7711A004B074A /* GetIPAddress.m */; };
		2D7A83481E9BA6A50042897C /* LeRRefreshTableView.m in Sources */ = {isa = PBXBuildFile; fileRef = 2D7A83471E9BA6A50042897C /* LeRRefreshTableView.m */; };
		2D7A834C1E9C755D0042897C /* LeRAlert.m in Sources */ = {isa = PBXBuildFile; fileRef = 2D7A834B1E9C755D0042897C /* LeRAlert.m */; };
		2D7A83521E9C8ADD0042897C /* loading@2x.png in Resources */ = {isa = PBXBuildFile; fileRef = 2D7A834E1E9C8ADD0042897C /* loading@2x.png */; };
		2D7A83531E9C8ADD0042897C /* refreshArrow@2x.png in Resources */ = {isa = PBXBuildFile; fileRef = 2D7A834F1E9C8ADD0042897C /* refreshArrow@2x.png */; };
		2D7A83541E9C8ADD0042897C /* TBBackBlack@2x.png in Resources */ = {isa = PBXBuildFile; fileRef = 2D7A83501E9C8ADD0042897C /* TBBackBlack@2x.png */; };
		2D7A83551E9C8ADD0042897C /* TBBackBlack@3x.png in Resources */ = {isa = PBXBuildFile; fileRef = 2D7A83511E9C8ADD0042897C /* TBBackBlack@3x.png */; };
		2D7A83571E9C8AE70042897C /* AlertTip_I@2x.png in Resources */ = {isa = PBXBuildFile; fileRef = 2D7A83561E9C8AE70042897C /* AlertTip_I@2x.png */; };
		2D7A83591E9C8B190042897C /* AlertOK@2x.png in Resources */ = {isa = PBXBuildFile; fileRef = 2D7A83581E9C8B190042897C /* AlertOK@2x.png */; };
		2D7A835D1E9CAE9F0042897C /* NetChecker.m in Sources */ = {isa = PBXBuildFile; fileRef = 2D7A835C1E9CAE9F0042897C /* NetChecker.m */; };
		2D7A83601E9CAF2C0042897C /* Reachability.m in Sources */ = {isa = PBXBuildFile; fileRef = 2D7A835F1E9CAF2C0042897C /* Reachability.m */; };
		2D7A83641E9CCF530042897C /* FSFileOperation.m in Sources */ = {isa = PBXBuildFile; fileRef = 2D7A83631E9CCF530042897C /* FSFileOperation.m */; };
		2D935B881EF7801C0026D03C /* NSString+MOA.m in Sources */ = {isa = PBXBuildFile; fileRef = 2D935B871EF7801C0026D03C /* NSString+MOA.m */; };
		2D9B9B151EC0642B005F5691 /* LRDealThead.m in Sources */ = {isa = PBXBuildFile; fileRef = 2D9B9B141EC0642A005F5691 /* LRDealThead.m */; };
		2DBE61281E961AF3007B1B33 /* LeRTitleButton.m in Sources */ = {isa = PBXBuildFile; fileRef = 2DBE61271E961AF3007B1B33 /* LeRTitleButton.m */; };
		2DBE612B1E961DD1007B1B33 /* NSString+ContentSize.m in Sources */ = {isa = PBXBuildFile; fileRef = 2DBE612A1E961DD1007B1B33 /* NSString+ContentSize.m */; };
		2DBE612E1E96459C007B1B33 /* LeRTableAide.m in Sources */ = {isa = PBXBuildFile; fileRef = 2DBE612D1E96459C007B1B33 /* LeRTableAide.m */; };
		2DCD7DFA1E9662C2007947A6 /* UIViewController+AutoLayout.m in Sources */ = {isa = PBXBuildFile; fileRef = 2DCD7DF91E9662C2007947A6 /* UIViewController+AutoLayout.m */; };
		2DCD7DFE1E97347F007947A6 /* LeRRefreshTableViewController.m in Sources */ = {isa = PBXBuildFile; fileRef = 2DCD7DFD1E97347F007947A6 /* LeRRefreshTableViewController.m */; };
		2DCD7E011E97368D007947A6 /* LeRRefreshTableFooterView.m in Sources */ = {isa = PBXBuildFile; fileRef = 2DCD7E001E97368D007947A6 /* LeRRefreshTableFooterView.m */; };
		2DCD7E041E974405007947A6 /* EntrysOperateHelper.mm in Sources */ = {isa = PBXBuildFile; fileRef = 2DCD7E031E974405007947A6 /* EntrysOperateHelper.mm */; };
		2DCD7E071E978E74007947A6 /* LeRRefreshControl.m in Sources */ = {isa = PBXBuildFile; fileRef = 2DCD7E061E978E74007947A6 /* LeRRefreshControl.m */; };
		369A2F76E712D0CCBD63BEC8 /* libPods-apple.a in Frameworks */ = {isa = PBXBuildFile; fileRef = F9BD5D273AC43C39190C3092 /* libPods-apple.a */; };
		6AA5F1811EA7A8CF0027BBB8 /* LeRRefreshTimeHandler.m in Sources */ = {isa = PBXBuildFile; fileRef = 6AA5F1801EA7A8CF0027BBB8 /* LeRRefreshTimeHandler.m */; };
/* End PBXBuildFile section */

/* Begin PBXContainerItemProxy section */
		2D098C011E7FF0DD00715510 /* PBXContainerItemProxy */ = {
			isa = PBXContainerItemProxy;
			containerPortal = 2D098BDC1E7FF0DD00715510 /* Project object */;
			proxyType = 1;
			remoteGlobalIDString = 2D098BE31E7FF0DD00715510;
			remoteInfo = apple;
		};
		2D098C0C1E7FF0DD00715510 /* PBXContainerItemProxy */ = {
			isa = PBXContainerItemProxy;
			containerPortal = 2D098BDC1E7FF0DD00715510 /* Project object */;
			proxyType = 1;
			remoteGlobalIDString = 2D098BE31E7FF0DD00715510;
			remoteInfo = apple;
		};
/* End PBXContainerItemProxy section */

/* Begin PBXFileReference section */
		2D098BE41E7FF0DD00715510 /* apple.app */ = {isa = PBXFileReference; explicitFileType = wrapper.application; includeInIndex = 0; path = apple.app; sourceTree = BUILT_PRODUCTS_DIR; };
		2D098BE81E7FF0DD00715510 /* main.m */ = {isa = PBXFileReference; lastKnownFileType = sourcecode.c.objc; path = main.m; sourceTree = "<group>"; };
		2D098BEA1E7FF0DD00715510 /* AppDelegate.h */ = {isa = PBXFileReference; lastKnownFileType = sourcecode.c.h; path = AppDelegate.h; sourceTree = "<group>"; };
		2D098BEB1E7FF0DD00715510 /* AppDelegate.m */ = {isa = PBXFileReference; lastKnownFileType = sourcecode.c.objc; path = AppDelegate.m; sourceTree = "<group>"; };
		2D098BED1E7FF0DD00715510 /* ViewController.h */ = {isa = PBXFileReference; lastKnownFileType = sourcecode.c.h; path = ViewController.h; sourceTree = "<group>"; };
		2D098BEE1E7FF0DD00715510 /* ViewController.m */ = {isa = PBXFileReference; lastKnownFileType = sourcecode.c.objc; path = ViewController.m; sourceTree = "<group>"; };
		2D098BF41E7FF0DD00715510 /* apple.xcdatamodel */ = {isa = PBXFileReference; lastKnownFileType = wrapper.xcdatamodel; path = apple.xcdatamodel; sourceTree = "<group>"; };
		2D098BF61E7FF0DD00715510 /* Assets.xcassets */ = {isa = PBXFileReference; lastKnownFileType = folder.assetcatalog; path = Assets.xcassets; sourceTree = "<group>"; };
		2D098BF91E7FF0DD00715510 /* Base */ = {isa = PBXFileReference; lastKnownFileType = file.storyboard; name = Base; path = Base.lproj/LaunchScreen.storyboard; sourceTree = "<group>"; };
		2D098BFB1E7FF0DD00715510 /* Info.plist */ = {isa = PBXFileReference; lastKnownFileType = text.plist.xml; path = Info.plist; sourceTree = "<group>"; };
		2D098C001E7FF0DD00715510 /* appleTests.xctest */ = {isa = PBXFileReference; explicitFileType = wrapper.cfbundle; includeInIndex = 0; path = appleTests.xctest; sourceTree = BUILT_PRODUCTS_DIR; };
		2D098C041E7FF0DD00715510 /* appleTests.m */ = {isa = PBXFileReference; lastKnownFileType = sourcecode.c.objc; path = appleTests.m; sourceTree = "<group>"; };
		2D098C061E7FF0DD00715510 /* Info.plist */ = {isa = PBXFileReference; lastKnownFileType = text.plist.xml; path = Info.plist; sourceTree = "<group>"; };
		2D098C0B1E7FF0DD00715510 /* appleUITests.xctest */ = {isa = PBXFileReference; explicitFileType = wrapper.cfbundle; includeInIndex = 0; path = appleUITests.xctest; sourceTree = BUILT_PRODUCTS_DIR; };
		2D098C0F1E7FF0DD00715510 /* appleUITests.m */ = {isa = PBXFileReference; lastKnownFileType = sourcecode.c.objc; path = appleUITests.m; sourceTree = "<group>"; };
		2D098C111E7FF0DD00715510 /* Info.plist */ = {isa = PBXFileReference; lastKnownFileType = text.plist.xml; path = Info.plist; sourceTree = "<group>"; };
		2D28765D1EC1B1D8009B4BD7 /* AsyncTcpSocket.h */ = {isa = PBXFileReference; fileEncoding = 4; lastKnownFileType = sourcecode.c.h; path = AsyncTcpSocket.h; sourceTree = "<group>"; };
		2D28765E1EC1B1D8009B4BD7 /* AsyncTcpSocket.m */ = {isa = PBXFileReference; fileEncoding = 4; lastKnownFileType = sourcecode.c.objc; path = AsyncTcpSocket.m; sourceTree = "<group>"; };
		2D4095291E95E3EF008E3BDE /* LeRHeadView.h */ = {isa = PBXFileReference; fileEncoding = 4; lastKnownFileType = sourcecode.c.h; path = LeRHeadView.h; sourceTree = "<group>"; };
		2D40952A1E95E3EF008E3BDE /* LeRHeadView.m */ = {isa = PBXFileReference; fileEncoding = 4; lastKnownFileType = sourcecode.c.objc; path = LeRHeadView.m; sourceTree = "<group>"; };
		2D40952C1E95EF8E008E3BDE /* LeRColor_Define.h */ = {isa = PBXFileReference; lastKnownFileType = sourcecode.c.h; path = LeRColor_Define.h; sourceTree = "<group>"; };
		2D5A9CBC1E8F966C0097DAC7 /* LeRViewController.h */ = {isa = PBXFileReference; fileEncoding = 4; lastKnownFileType = sourcecode.c.h; path = LeRViewController.h; sourceTree = "<group>"; };
		2D5A9CBD1E8F966C0097DAC7 /* LeRViewController.m */ = {isa = PBXFileReference; fileEncoding = 4; lastKnownFileType = sourcecode.c.objc; path = LeRViewController.m; sourceTree = "<group>"; };
		2D5A9CBF1E8F98B20097DAC7 /* LeRGlobalDefinition.h */ = {isa = PBXFileReference; lastKnownFileType = sourcecode.c.h; path = LeRGlobalDefinition.h; sourceTree = "<group>"; };
		2D5A9CC01E8FA07B0097DAC7 /* LeRTableViewController.h */ = {isa = PBXFileReference; fileEncoding = 4; lastKnownFileType = sourcecode.c.h; path = LeRTableViewController.h; sourceTree = "<group>"; };
		2D5A9CC11E8FA07B0097DAC7 /* LeRTableViewController.m */ = {isa = PBXFileReference; fileEncoding = 4; lastKnownFileType = sourcecode.c.objc; path = LeRTableViewController.m; sourceTree = "<group>"; };
		2D5A9CC31E8FA0E00097DAC7 /* LeRBlankRefreshView.h */ = {isa = PBXFileReference; fileEncoding = 4; lastKnownFileType = sourcecode.c.h; path = LeRBlankRefreshView.h; sourceTree = "<group>"; };
		2D5A9CC41E8FA0E00097DAC7 /* LeRBlankRefreshView.m */ = {isa = PBXFileReference; fileEncoding = 4; lastKnownFileType = sourcecode.c.objc; path = LeRBlankRefreshView.m; sourceTree = "<group>"; };
		2D5A9CC71E8FA3600097DAC7 /* Common.strings */ = {isa = PBXFileReference; fileEncoding = 4; lastKnownFileType = text.plist.strings; path = Common.strings; sourceTree = "<group>"; };
		2D5A9CCA1E8FA5210097DAC7 /* UIColor+CustomColor.h */ = {isa = PBXFileReference; fileEncoding = 4; lastKnownFileType = sourcecode.c.h; path = "UIColor+CustomColor.h"; sourceTree = "<group>"; };
		2D5A9CCB1E8FA5210097DAC7 /* UIColor+CustomColor.m */ = {isa = PBXFileReference; fileEncoding = 4; lastKnownFileType = sourcecode.c.objc; path = "UIColor+CustomColor.m"; sourceTree = "<group>"; };
		2D5A9CCD1E8FA9710097DAC7 /* UIView+Frame.h */ = {isa = PBXFileReference; fileEncoding = 4; lastKnownFileType = sourcecode.c.h; path = "UIView+Frame.h"; sourceTree = "<group>"; };
		2D5A9CCE1E8FA9710097DAC7 /* UIView+Frame.m */ = {isa = PBXFileReference; fileEncoding = 4; lastKnownFileType = sourcecode.c.objc; path = "UIView+Frame.m"; sourceTree = "<group>"; };
		2D6FB2DE1EBDC5EA0052A266 /* LeRUITableViewWithRefreshControl.h */ = {isa = PBXFileReference; fileEncoding = 4; lastKnownFileType = sourcecode.c.h; path = LeRUITableViewWithRefreshControl.h; sourceTree = "<group>"; };
		2D6FB2DF1EBDC5EA0052A266 /* LeRUITableViewWithRefreshControl.m */ = {isa = PBXFileReference; fileEncoding = 4; lastKnownFileType = sourcecode.c.objc; path = LeRUITableViewWithRefreshControl.m; sourceTree = "<group>"; };
		2D7801D91EF7711A004B074A /* GetIPAddress.h */ = {isa = PBXFileReference; fileEncoding = 4; lastKnownFileType = sourcecode.c.h; path = GetIPAddress.h; sourceTree = "<group>"; };
		2D7801DA1EF7711A004B074A /* GetIPAddress.m */ = {isa = PBXFileReference; fileEncoding = 4; lastKnownFileType = sourcecode.c.objc; path = GetIPAddress.m; sourceTree = "<group>"; };
		2D7A83461E9BA6A50042897C /* LeRRefreshTableView.h */ = {isa = PBXFileReference; fileEncoding = 4; lastKnownFileType = sourcecode.c.h; path = LeRRefreshTableView.h; sourceTree = "<group>"; };
		2D7A83471E9BA6A50042897C /* LeRRefreshTableView.m */ = {isa = PBXFileReference; fileEncoding = 4; lastKnownFileType = sourcecode.c.objc; path = LeRRefreshTableView.m; sourceTree = "<group>"; };
		2D7A834A1E9C755D0042897C /* LeRAlert.h */ = {isa = PBXFileReference; fileEncoding = 4; lastKnownFileType = sourcecode.c.h; path = LeRAlert.h; sourceTree = "<group>"; };
		2D7A834B1E9C755D0042897C /* LeRAlert.m */ = {isa = PBXFileReference; fileEncoding = 4; lastKnownFileType = sourcecode.c.objc; path = LeRAlert.m; sourceTree = "<group>"; };
		2D7A834D1E9C81A50042897C /* LeRFont_Define.h */ = {isa = PBXFileReference; fileEncoding = 4; lastKnownFileType = sourcecode.c.h; path = LeRFont_Define.h; sourceTree = "<group>"; };
		2D7A834E1E9C8ADD0042897C /* loading@2x.png */ = {isa = PBXFileReference; lastKnownFileType = image.png; path = "loading@2x.png"; sourceTree = "<group>"; };
		2D7A834F1E9C8ADD0042897C /* refreshArrow@2x.png */ = {isa = PBXFileReference; lastKnownFileType = image.png; path = "refreshArrow@2x.png"; sourceTree = "<group>"; };
		2D7A83501E9C8ADD0042897C /* TBBackBlack@2x.png */ = {isa = PBXFileReference; lastKnownFileType = image.png; path = "TBBackBlack@2x.png"; sourceTree = "<group>"; };
		2D7A83511E9C8ADD0042897C /* TBBackBlack@3x.png */ = {isa = PBXFileReference; lastKnownFileType = image.png; path = "TBBackBlack@3x.png"; sourceTree = "<group>"; };
		2D7A83561E9C8AE70042897C /* AlertTip_I@2x.png */ = {isa = PBXFileReference; lastKnownFileType = image.png; path = "AlertTip_I@2x.png"; sourceTree = "<group>"; };
		2D7A83581E9C8B190042897C /* AlertOK@2x.png */ = {isa = PBXFileReference; lastKnownFileType = image.png; path = "AlertOK@2x.png"; sourceTree = "<group>"; };
		2D7A835B1E9CAE9F0042897C /* NetChecker.h */ = {isa = PBXFileReference; fileEncoding = 4; lastKnownFileType = sourcecode.c.h; path = NetChecker.h; sourceTree = "<group>"; };
		2D7A835C1E9CAE9F0042897C /* NetChecker.m */ = {isa = PBXFileReference; fileEncoding = 4; lastKnownFileType = sourcecode.c.objc; path = NetChecker.m; sourceTree = "<group>"; };
		2D7A835E1E9CAF2C0042897C /* Reachability.h */ = {isa = PBXFileReference; fileEncoding = 4; lastKnownFileType = sourcecode.c.h; path = Reachability.h; sourceTree = "<group>"; };
		2D7A835F1E9CAF2C0042897C /* Reachability.m */ = {isa = PBXFileReference; fileEncoding = 4; lastKnownFileType = sourcecode.c.objc; path = Reachability.m; sourceTree = "<group>"; };
		2D7A83621E9CCF530042897C /* FSFileOperation.h */ = {isa = PBXFileReference; fileEncoding = 4; lastKnownFileType = sourcecode.c.h; path = FSFileOperation.h; sourceTree = "<group>"; };
		2D7A83631E9CCF530042897C /* FSFileOperation.m */ = {isa = PBXFileReference; fileEncoding = 4; lastKnownFileType = sourcecode.c.objc; path = FSFileOperation.m; sourceTree = "<group>"; };
		2D935B861EF7801C0026D03C /* NSString+MOA.h */ = {isa = PBXFileReference; fileEncoding = 4; lastKnownFileType = sourcecode.c.h; path = "NSString+MOA.h"; sourceTree = "<group>"; };
		2D935B871EF7801C0026D03C /* NSString+MOA.m */ = {isa = PBXFileReference; fileEncoding = 4; lastKnownFileType = sourcecode.c.objc; path = "NSString+MOA.m"; sourceTree = "<group>"; };
		2D9B9B131EC0642A005F5691 /* LRDealThead.h */ = {isa = PBXFileReference; fileEncoding = 4; lastKnownFileType = sourcecode.c.h; path = LRDealThead.h; sourceTree = "<group>"; };
		2D9B9B141EC0642A005F5691 /* LRDealThead.m */ = {isa = PBXFileReference; fileEncoding = 4; lastKnownFileType = sourcecode.c.objc; path = LRDealThead.m; sourceTree = "<group>"; };
		2DBE61261E961AF3007B1B33 /* LeRTitleButton.h */ = {isa = PBXFileReference; fileEncoding = 4; lastKnownFileType = sourcecode.c.h; path = LeRTitleButton.h; sourceTree = "<group>"; };
		2DBE61271E961AF3007B1B33 /* LeRTitleButton.m */ = {isa = PBXFileReference; fileEncoding = 4; lastKnownFileType = sourcecode.c.objc; path = LeRTitleButton.m; sourceTree = "<group>"; };
		2DBE61291E961DD1007B1B33 /* NSString+ContentSize.h */ = {isa = PBXFileReference; fileEncoding = 4; lastKnownFileType = sourcecode.c.h; path = "NSString+ContentSize.h"; sourceTree = "<group>"; };
		2DBE612A1E961DD1007B1B33 /* NSString+ContentSize.m */ = {isa = PBXFileReference; fileEncoding = 4; lastKnownFileType = sourcecode.c.objc; path = "NSString+ContentSize.m"; sourceTree = "<group>"; };
		2DBE612C1E96459C007B1B33 /* LeRTableAide.h */ = {isa = PBXFileReference; fileEncoding = 4; lastKnownFileType = sourcecode.c.h; path = LeRTableAide.h; sourceTree = "<group>"; };
		2DBE612D1E96459C007B1B33 /* LeRTableAide.m */ = {isa = PBXFileReference; fileEncoding = 4; lastKnownFileType = sourcecode.c.objc; path = LeRTableAide.m; sourceTree = "<group>"; };
		2DCD7DF81E9662C2007947A6 /* UIViewController+AutoLayout.h */ = {isa = PBXFileReference; fileEncoding = 4; lastKnownFileType = sourcecode.c.h; path = "UIViewController+AutoLayout.h"; sourceTree = "<group>"; };
		2DCD7DF91E9662C2007947A6 /* UIViewController+AutoLayout.m */ = {isa = PBXFileReference; fileEncoding = 4; lastKnownFileType = sourcecode.c.objc; path = "UIViewController+AutoLayout.m"; sourceTree = "<group>"; };
		2DCD7DFB1E9663BF007947A6 /* VCDefine.h */ = {isa = PBXFileReference; fileEncoding = 4; lastKnownFileType = sourcecode.c.h; path = VCDefine.h; sourceTree = "<group>"; };
		2DCD7DFC1E97347F007947A6 /* LeRRefreshTableViewController.h */ = {isa = PBXFileReference; fileEncoding = 4; lastKnownFileType = sourcecode.c.h; path = LeRRefreshTableViewController.h; sourceTree = "<group>"; };
		2DCD7DFD1E97347F007947A6 /* LeRRefreshTableViewController.m */ = {isa = PBXFileReference; fileEncoding = 4; lastKnownFileType = sourcecode.c.objc; path = LeRRefreshTableViewController.m; sourceTree = "<group>"; };
		2DCD7DFF1E97368D007947A6 /* LeRRefreshTableFooterView.h */ = {isa = PBXFileReference; fileEncoding = 4; lastKnownFileType = sourcecode.c.h; path = LeRRefreshTableFooterView.h; sourceTree = "<group>"; };
		2DCD7E001E97368D007947A6 /* LeRRefreshTableFooterView.m */ = {isa = PBXFileReference; fileEncoding = 4; lastKnownFileType = sourcecode.c.objc; path = LeRRefreshTableFooterView.m; sourceTree = "<group>"; };
		2DCD7E021E974405007947A6 /* EntrysOperateHelper.h */ = {isa = PBXFileReference; fileEncoding = 4; lastKnownFileType = sourcecode.c.h; path = EntrysOperateHelper.h; sourceTree = "<group>"; };
		2DCD7E031E974405007947A6 /* EntrysOperateHelper.mm */ = {isa = PBXFileReference; fileEncoding = 4; lastKnownFileType = sourcecode.cpp.objcpp; path = EntrysOperateHelper.mm; sourceTree = "<group>"; };
		2DCD7E051E978E74007947A6 /* LeRRefreshControl.h */ = {isa = PBXFileReference; fileEncoding = 4; lastKnownFileType = sourcecode.c.h; path = LeRRefreshControl.h; sourceTree = "<group>"; };
		2DCD7E061E978E74007947A6 /* LeRRefreshControl.m */ = {isa = PBXFileReference; fileEncoding = 4; lastKnownFileType = sourcecode.c.objc; path = LeRRefreshControl.m; sourceTree = "<group>"; };
		2DE830321E8609E000362A75 /* MOA-Prefix.pch */ = {isa = PBXFileReference; fileEncoding = 4; lastKnownFileType = sourcecode.c.h; path = "MOA-Prefix.pch"; sourceTree = "<group>"; };
		6AA5F17F1EA7A8CF0027BBB8 /* LeRRefreshTimeHandler.h */ = {isa = PBXFileReference; fileEncoding = 4; lastKnownFileType = sourcecode.c.h; path = LeRRefreshTimeHandler.h; sourceTree = "<group>"; };
		6AA5F1801EA7A8CF0027BBB8 /* LeRRefreshTimeHandler.m */ = {isa = PBXFileReference; fileEncoding = 4; lastKnownFileType = sourcecode.c.objc; path = LeRRefreshTimeHandler.m; sourceTree = "<group>"; };
		722E44778CDD30A704726506 /* Pods-apple.debug.xcconfig */ = {isa = PBXFileReference; includeInIndex = 1; lastKnownFileType = text.xcconfig; name = "Pods-apple.debug.xcconfig"; path = "Pods/Target Support Files/Pods-apple/Pods-apple.debug.xcconfig"; sourceTree = "<group>"; };
		E38E7B770A55920C970347B6 /* Pods-apple.release.xcconfig */ = {isa = PBXFileReference; includeInIndex = 1; lastKnownFileType = text.xcconfig; name = "Pods-apple.release.xcconfig"; path = "Pods/Target Support Files/Pods-apple/Pods-apple.release.xcconfig"; sourceTree = "<group>"; };
		F9BD5D273AC43C39190C3092 /* libPods-apple.a */ = {isa = PBXFileReference; explicitFileType = archive.ar; includeInIndex = 0; path = "libPods-apple.a"; sourceTree = BUILT_PRODUCTS_DIR; };
/* End PBXFileReference section */

/* Begin PBXFrameworksBuildPhase section */
		2D098BE11E7FF0DD00715510 /* Frameworks */ = {
			isa = PBXFrameworksBuildPhase;
			buildActionMask = 2147483647;
			files = (
				369A2F76E712D0CCBD63BEC8 /* libPods-apple.a in Frameworks */,
			);
			runOnlyForDeploymentPostprocessing = 0;
		};
		2D098BFD1E7FF0DD00715510 /* Frameworks */ = {
			isa = PBXFrameworksBuildPhase;
			buildActionMask = 2147483647;
			files = (
			);
			runOnlyForDeploymentPostprocessing = 0;
		};
		2D098C081E7FF0DD00715510 /* Frameworks */ = {
			isa = PBXFrameworksBuildPhase;
			buildActionMask = 2147483647;
			files = (
			);
			runOnlyForDeploymentPostprocessing = 0;
		};
/* End PBXFrameworksBuildPhase section */

/* Begin PBXGroup section */
		2D098BDB1E7FF0DD00715510 = {
			isa = PBXGroup;
			children = (
				2D098BE61E7FF0DD00715510 /* apple */,
				2D098C031E7FF0DD00715510 /* appleTests */,
				2D098C0E1E7FF0DD00715510 /* appleUITests */,
				2D098BE51E7FF0DD00715510 /* Products */,
				A11D61A45438A5D1B05DDC86 /* Pods */,
				E54E9B0C7C682FB135BB7206 /* Frameworks */,
			);
			sourceTree = "<group>";
		};
		2D098BE51E7FF0DD00715510 /* Products */ = {
			isa = PBXGroup;
			children = (
				2D098BE41E7FF0DD00715510 /* apple.app */,
				2D098C001E7FF0DD00715510 /* appleTests.xctest */,
				2D098C0B1E7FF0DD00715510 /* appleUITests.xctest */,
			);
			name = Products;
			sourceTree = "<group>";
		};
		2D098BE61E7FF0DD00715510 /* apple */ = {
			isa = PBXGroup;
			children = (
				2DE8301A1E8607CC00362A75 /* 3rd */,
				2D098BEA1E7FF0DD00715510 /* AppDelegate.h */,
				2D098BEB1E7FF0DD00715510 /* AppDelegate.m */,
				2D098BED1E7FF0DD00715510 /* ViewController.h */,
				2D098BEE1E7FF0DD00715510 /* ViewController.m */,
				2D098BF61E7FF0DD00715510 /* Assets.xcassets */,
				2D098BF81E7FF0DD00715510 /* LaunchScreen.storyboard */,
				2D098BFB1E7FF0DD00715510 /* Info.plist */,
				2D098BF31E7FF0DD00715510 /* apple.xcdatamodeld */,
				2D098BE71E7FF0DD00715510 /* Supporting Files */,
			);
			path = apple;
			sourceTree = "<group>";
		};
		2D098BE71E7FF0DD00715510 /* Supporting Files */ = {
			isa = PBXGroup;
			children = (
				2D7A83451E9B68D60042897C /* image */,
				2D5A9CC61E8FA2E10097DAC7 /* Common */,
				2DE830321E8609E000362A75 /* MOA-Prefix.pch */,
				2D098BE81E7FF0DD00715510 /* main.m */,
			);
			name = "Supporting Files";
			sourceTree = "<group>";
		};
		2D098C031E7FF0DD00715510 /* appleTests */ = {
			isa = PBXGroup;
			children = (
				2D098C041E7FF0DD00715510 /* appleTests.m */,
				2D098C061E7FF0DD00715510 /* Info.plist */,
			);
			path = appleTests;
			sourceTree = "<group>";
		};
		2D098C0E1E7FF0DD00715510 /* appleUITests */ = {
			isa = PBXGroup;
			children = (
				2D098C0F1E7FF0DD00715510 /* appleUITests.m */,
				2D098C111E7FF0DD00715510 /* Info.plist */,
			);
			path = appleUITests;
			sourceTree = "<group>";
		};
		2D5A9CC61E8FA2E10097DAC7 /* Common */ = {
			isa = PBXGroup;
			children = (
				2D5A9CC71E8FA3600097DAC7 /* Common.strings */,
			);
			path = Common;
			sourceTree = "<group>";
		};
		2D5A9CC91E8FA4720097DAC7 /* Classification */ = {
			isa = PBXGroup;
			children = (
				2D5A9CCA1E8FA5210097DAC7 /* UIColor+CustomColor.h */,
				2D5A9CCB1E8FA5210097DAC7 /* UIColor+CustomColor.m */,
				2D5A9CCD1E8FA9710097DAC7 /* UIView+Frame.h */,
				2D5A9CCE1E8FA9710097DAC7 /* UIView+Frame.m */,
				2DBE61291E961DD1007B1B33 /* NSString+ContentSize.h */,
				2DBE612A1E961DD1007B1B33 /* NSString+ContentSize.m */,
				2D935B861EF7801C0026D03C /* NSString+MOA.h */,
				2D935B871EF7801C0026D03C /* NSString+MOA.m */,
				2DCD7DF81E9662C2007947A6 /* UIViewController+AutoLayout.h */,
				2DCD7DF91E9662C2007947A6 /* UIViewController+AutoLayout.m */,
			);
			path = Classification;
			sourceTree = "<group>";
		};
		2D7A83451E9B68D60042897C /* image */ = {
			isa = PBXGroup;
			children = (
				2D7A83581E9C8B190042897C /* AlertOK@2x.png */,
				2D7A83561E9C8AE70042897C /* AlertTip_I@2x.png */,
				2D7A834E1E9C8ADD0042897C /* loading@2x.png */,
				2D7A834F1E9C8ADD0042897C /* refreshArrow@2x.png */,
				2D7A83501E9C8ADD0042897C /* TBBackBlack@2x.png */,
				2D7A83511E9C8ADD0042897C /* TBBackBlack@3x.png */,
			);
			path = image;
			sourceTree = "<group>";
		};
		2D7A83491E9C75330042897C /* UIAlert */ = {
			isa = PBXGroup;
			children = (
				2D7A834A1E9C755D0042897C /* LeRAlert.h */,
				2D7A834B1E9C755D0042897C /* LeRAlert.m */,
			);
			path = UIAlert;
			sourceTree = "<group>";
		};
		2D7A835A1E9CAE6C0042897C /* Net */ = {
			isa = PBXGroup;
			children = (
				2D7A835B1E9CAE9F0042897C /* NetChecker.h */,
				2D7A835C1E9CAE9F0042897C /* NetChecker.m */,
				2D7A835E1E9CAF2C0042897C /* Reachability.h */,
				2D7A835F1E9CAF2C0042897C /* Reachability.m */,
				2D28765D1EC1B1D8009B4BD7 /* AsyncTcpSocket.h */,
				2D28765E1EC1B1D8009B4BD7 /* AsyncTcpSocket.m */,
				2D7801D91EF7711A004B074A /* GetIPAddress.h */,
				2D7801DA1EF7711A004B074A /* GetIPAddress.m */,
			);
			path = Net;
			sourceTree = "<group>";
		};
		2D7A83611E9CCF2F0042897C /* FileOperation */ = {
			isa = PBXGroup;
			children = (
				2D7A83621E9CCF530042897C /* FSFileOperation.h */,
				2D7A83631E9CCF530042897C /* FSFileOperation.m */,
			);
			path = FileOperation;
			sourceTree = "<group>";
		};
		2D9B9B121EC063DB005F5691 /* DealThread */ = {
			isa = PBXGroup;
			children = (
				2D9B9B131EC0642A005F5691 /* LRDealThead.h */,
				2D9B9B141EC0642A005F5691 /* LRDealThead.m */,
			);
			path = DealThread;
			sourceTree = "<group>";
		};
		2DBE61251E961A9E007B1B33 /* UIButton */ = {
			isa = PBXGroup;
			children = (
				2DBE61261E961AF3007B1B33 /* LeRTitleButton.h */,
				2DBE61271E961AF3007B1B33 /* LeRTitleButton.m */,
			);
			path = UIButton;
			sourceTree = "<group>";
		};
		2DE8301A1E8607CC00362A75 /* 3rd */ = {
			isa = PBXGroup;
			children = (
				2D9B9B121EC063DB005F5691 /* DealThread */,
				2D7A83611E9CCF2F0042897C /* FileOperation */,
				2D7A835A1E9CAE6C0042897C /* Net */,
				2D7A83491E9C75330042897C /* UIAlert */,
				2DBE61251E961A9E007B1B33 /* UIButton */,
				2D5A9CC91E8FA4720097DAC7 /* Classification */,
				2D5A9CBF1E8F98B20097DAC7 /* LeRGlobalDefinition.h */,
				2D40952C1E95EF8E008E3BDE /* LeRColor_Define.h */,
				2D7A834D1E9C81A50042897C /* LeRFont_Define.h */,
				2DCD7DFB1E9663BF007947A6 /* VCDefine.h */,
				2DCD7E021E974405007947A6 /* EntrysOperateHelper.h */,
				2DCD7E031E974405007947A6 /* EntrysOperateHelper.mm */,
				2D5A9CBC1E8F966C0097DAC7 /* LeRViewController.h */,
				2D5A9CBD1E8F966C0097DAC7 /* LeRViewController.m */,
				2D5A9CC01E8FA07B0097DAC7 /* LeRTableViewController.h */,
				2D5A9CC11E8FA07B0097DAC7 /* LeRTableViewController.m */,
				2DCD7DFC1E97347F007947A6 /* LeRRefreshTableViewController.h */,
				2DCD7DFD1E97347F007947A6 /* LeRRefreshTableViewController.m */,
				2DBE612C1E96459C007B1B33 /* LeRTableAide.h */,
				2DBE612D1E96459C007B1B33 /* LeRTableAide.m */,
				2D5A9CC31E8FA0E00097DAC7 /* LeRBlankRefreshView.h */,
				2D5A9CC41E8FA0E00097DAC7 /* LeRBlankRefreshView.m */,
				2D4095291E95E3EF008E3BDE /* LeRHeadView.h */,
				2D40952A1E95E3EF008E3BDE /* LeRHeadView.m */,
				2DCD7DFF1E97368D007947A6 /* LeRRefreshTableFooterView.h */,
				2DCD7E001E97368D007947A6 /* LeRRefreshTableFooterView.m */,
				2DCD7E051E978E74007947A6 /* LeRRefreshControl.h */,
				2DCD7E061E978E74007947A6 /* LeRRefreshControl.m */,
				2D7A83461E9BA6A50042897C /* LeRRefreshTableView.h */,
				2D7A83471E9BA6A50042897C /* LeRRefreshTableView.m */,
				6AA5F17F1EA7A8CF0027BBB8 /* LeRRefreshTimeHandler.h */,
				6AA5F1801EA7A8CF0027BBB8 /* LeRRefreshTimeHandler.m */,
				2D6FB2DE1EBDC5EA0052A266 /* LeRUITableViewWithRefreshControl.h */,
				2D6FB2DF1EBDC5EA0052A266 /* LeRUITableViewWithRefreshControl.m */,
			);
			path = 3rd;
			sourceTree = "<group>";
		};
		A11D61A45438A5D1B05DDC86 /* Pods */ = {
			isa = PBXGroup;
			children = (
				722E44778CDD30A704726506 /* Pods-apple.debug.xcconfig */,
				E38E7B770A55920C970347B6 /* Pods-apple.release.xcconfig */,
			);
			name = Pods;
			sourceTree = "<group>";
		};
		E54E9B0C7C682FB135BB7206 /* Frameworks */ = {
			isa = PBXGroup;
			children = (
				F9BD5D273AC43C39190C3092 /* libPods-apple.a */,
			);
			name = Frameworks;
			sourceTree = "<group>";
		};
/* End PBXGroup section */

/* Begin PBXNativeTarget section */
		2D098BE31E7FF0DD00715510 /* apple */ = {
			isa = PBXNativeTarget;
			buildConfigurationList = 2D098C141E7FF0DD00715510 /* Build configuration list for PBXNativeTarget "apple" */;
			buildPhases = (
				2CC467B497A6D2A72D96DB2F /* [CP] Check Pods Manifest.lock */,
				2D098BE01E7FF0DD00715510 /* Sources */,
				2D098BE11E7FF0DD00715510 /* Frameworks */,
				2D098BE21E7FF0DD00715510 /* Resources */,
				A04F8334948449C967807818 /* [CP] Embed Pods Frameworks */,
				FDBA103D535BBE44EF76B6A8 /* [CP] Copy Pods Resources */,
			);
			buildRules = (
			);
			dependencies = (
			);
			name = apple;
			productName = apple;
			productReference = 2D098BE41E7FF0DD00715510 /* apple.app */;
			productType = "com.apple.product-type.application";
		};
		2D098BFF1E7FF0DD00715510 /* appleTests */ = {
			isa = PBXNativeTarget;
			buildConfigurationList = 2D098C171E7FF0DD00715510 /* Build configuration list for PBXNativeTarget "appleTests" */;
			buildPhases = (
				2D098BFC1E7FF0DD00715510 /* Sources */,
				2D098BFD1E7FF0DD00715510 /* Frameworks */,
				2D098BFE1E7FF0DD00715510 /* Resources */,
			);
			buildRules = (
			);
			dependencies = (
				2D098C021E7FF0DD00715510 /* PBXTargetDependency */,
			);
			name = appleTests;
			productName = appleTests;
			productReference = 2D098C001E7FF0DD00715510 /* appleTests.xctest */;
			productType = "com.apple.product-type.bundle.unit-test";
		};
		2D098C0A1E7FF0DD00715510 /* appleUITests */ = {
			isa = PBXNativeTarget;
			buildConfigurationList = 2D098C1A1E7FF0DD00715510 /* Build configuration list for PBXNativeTarget "appleUITests" */;
			buildPhases = (
				2D098C071E7FF0DD00715510 /* Sources */,
				2D098C081E7FF0DD00715510 /* Frameworks */,
				2D098C091E7FF0DD00715510 /* Resources */,
			);
			buildRules = (
			);
			dependencies = (
				2D098C0D1E7FF0DD00715510 /* PBXTargetDependency */,
			);
			name = appleUITests;
			productName = appleUITests;
			productReference = 2D098C0B1E7FF0DD00715510 /* appleUITests.xctest */;
			productType = "com.apple.product-type.bundle.ui-testing";
		};
/* End PBXNativeTarget section */

/* Begin PBXProject section */
		2D098BDC1E7FF0DD00715510 /* Project object */ = {
			isa = PBXProject;
			attributes = {
				LastUpgradeCheck = 0820;
				ORGANIZATIONNAME = com.sangfor;
				TargetAttributes = {
					2D098BE31E7FF0DD00715510 = {
						CreatedOnToolsVersion = 8.2.1;
						ProvisioningStyle = Automatic;
					};
					2D098BFF1E7FF0DD00715510 = {
						CreatedOnToolsVersion = 8.2.1;
						ProvisioningStyle = Automatic;
						TestTargetID = 2D098BE31E7FF0DD00715510;
					};
					2D098C0A1E7FF0DD00715510 = {
						CreatedOnToolsVersion = 8.2.1;
						ProvisioningStyle = Automatic;
						TestTargetID = 2D098BE31E7FF0DD00715510;
					};
				};
			};
			buildConfigurationList = 2D098BDF1E7FF0DD00715510 /* Build configuration list for PBXProject "apple" */;
			compatibilityVersion = "Xcode 3.2";
			developmentRegion = English;
			hasScannedForEncodings = 0;
			knownRegions = (
				en,
				Base,
			);
			mainGroup = 2D098BDB1E7FF0DD00715510;
			productRefGroup = 2D098BE51E7FF0DD00715510 /* Products */;
			projectDirPath = "";
			projectRoot = "";
			targets = (
				2D098BE31E7FF0DD00715510 /* apple */,
				2D098BFF1E7FF0DD00715510 /* appleTests */,
				2D098C0A1E7FF0DD00715510 /* appleUITests */,
			);
		};
/* End PBXProject section */

/* Begin PBXResourcesBuildPhase section */
		2D098BE21E7FF0DD00715510 /* Resources */ = {
			isa = PBXResourcesBuildPhase;
			buildActionMask = 2147483647;
			files = (
				2D098BFA1E7FF0DD00715510 /* LaunchScreen.storyboard in Resources */,
				2D7A83571E9C8AE70042897C /* AlertTip_I@2x.png in Resources */,
				2D098BF71E7FF0DD00715510 /* Assets.xcassets in Resources */,
				2D7A83541E9C8ADD0042897C /* TBBackBlack@2x.png in Resources */,
				2D7A83551E9C8ADD0042897C /* TBBackBlack@3x.png in Resources */,
				2D7A83521E9C8ADD0042897C /* loading@2x.png in Resources */,
				2D7A83591E9C8B190042897C /* AlertOK@2x.png in Resources */,
				2D7A83531E9C8ADD0042897C /* refreshArrow@2x.png in Resources */,
				2D5A9CC81E8FA3600097DAC7 /* Common.strings in Resources */,
			);
			runOnlyForDeploymentPostprocessing = 0;
		};
		2D098BFE1E7FF0DD00715510 /* Resources */ = {
			isa = PBXResourcesBuildPhase;
			buildActionMask = 2147483647;
			files = (
			);
			runOnlyForDeploymentPostprocessing = 0;
		};
		2D098C091E7FF0DD00715510 /* Resources */ = {
			isa = PBXResourcesBuildPhase;
			buildActionMask = 2147483647;
			files = (
			);
			runOnlyForDeploymentPostprocessing = 0;
		};
/* End PBXResourcesBuildPhase section */

/* Begin PBXShellScriptBuildPhase section */
		2CC467B497A6D2A72D96DB2F /* [CP] Check Pods Manifest.lock */ = {
			isa = PBXShellScriptBuildPhase;
			buildActionMask = 2147483647;
			files = (
			);
			inputPaths = (
			);
			name = "[CP] Check Pods Manifest.lock";
			outputPaths = (
			);
			runOnlyForDeploymentPostprocessing = 0;
			shellPath = /bin/sh;
			shellScript = "diff \"${PODS_PODFILE_DIR_PATH}/Podfile.lock\" \"${PODS_ROOT}/Manifest.lock\" > /dev/null\nif [ $? != 0 ] ; then\n    # print error to STDERR\n    echo \"error: The sandbox is not in sync with the Podfile.lock. Run 'pod install' or update your CocoaPods installation.\" >&2\n    exit 1\nfi\n";
			showEnvVarsInLog = 0;
		};
		A04F8334948449C967807818 /* [CP] Embed Pods Frameworks */ = {
			isa = PBXShellScriptBuildPhase;
			buildActionMask = 2147483647;
			files = (
			);
			inputPaths = (
			);
			name = "[CP] Embed Pods Frameworks";
			outputPaths = (
			);
			runOnlyForDeploymentPostprocessing = 0;
			shellPath = /bin/sh;
			shellScript = "\"${SRCROOT}/Pods/Target Support Files/Pods-apple/Pods-apple-frameworks.sh\"\n";
			showEnvVarsInLog = 0;
		};
		FDBA103D535BBE44EF76B6A8 /* [CP] Copy Pods Resources */ = {
			isa = PBXShellScriptBuildPhase;
			buildActionMask = 2147483647;
			files = (
			);
			inputPaths = (
			);
			name = "[CP] Copy Pods Resources";
			outputPaths = (
			);
			runOnlyForDeploymentPostprocessing = 0;
			shellPath = /bin/sh;
			shellScript = "\"${SRCROOT}/Pods/Target Support Files/Pods-apple/Pods-apple-resources.sh\"\n";
			showEnvVarsInLog = 0;
		};
/* End PBXShellScriptBuildPhase section */

/* Begin PBXSourcesBuildPhase section */
		2D098BE01E7FF0DD00715510 /* Sources */ = {
			isa = PBXSourcesBuildPhase;
			buildActionMask = 2147483647;
			files = (
				2D7801DB1EF7711A004B074A /* GetIPAddress.m in Sources */,
				2D9B9B151EC0642B005F5691 /* LRDealThead.m in Sources */,
				2D7A835D1E9CAE9F0042897C /* NetChecker.m in Sources */,
				6AA5F1811EA7A8CF0027BBB8 /* LeRRefreshTimeHandler.m in Sources */,
				2D098BF51E7FF0DD00715510 /* apple.xcdatamodeld in Sources */,
				2DCD7DFA1E9662C2007947A6 /* UIViewController+AutoLayout.m in Sources */,
				2DCD7DFE1E97347F007947A6 /* LeRRefreshTableViewController.m in Sources */,
				2D098BEF1E7FF0DD00715510 /* ViewController.m in Sources */,
				2DBE612E1E96459C007B1B33 /* LeRTableAide.m in Sources */,
				2DCD7E071E978E74007947A6 /* LeRRefreshControl.m in Sources */,
				2D6FB2E01EBDC5EA0052A266 /* LeRUITableViewWithRefreshControl.m in Sources */,
				2D28765F1EC1B1D8009B4BD7 /* AsyncTcpSocket.m in Sources */,
				2D7A83641E9CCF530042897C /* FSFileOperation.m in Sources */,
				2DBE612B1E961DD1007B1B33 /* NSString+ContentSize.m in Sources */,
				2D5A9CCC1E8FA5210097DAC7 /* UIColor+CustomColor.m in Sources */,
				2D5A9CCF1E8FA9710097DAC7 /* UIView+Frame.m in Sources */,
				2DCD7E041E974405007947A6 /* EntrysOperateHelper.mm in Sources */,
				2DBE61281E961AF3007B1B33 /* LeRTitleButton.m in Sources */,
				2D098BEC1E7FF0DD00715510 /* AppDelegate.m in Sources */,
				2DCD7E011E97368D007947A6 /* LeRRefreshTableFooterView.m in Sources */,
				2D7A83601E9CAF2C0042897C /* Reachability.m in Sources */,
				2D935B881EF7801C0026D03C /* NSString+MOA.m in Sources */,
				2D5A9CC21E8FA07B0097DAC7 /* LeRTableViewController.m in Sources */,
				2D40952B1E95E3EF008E3BDE /* LeRHeadView.m in Sources */,
				2D098BE91E7FF0DD00715510 /* main.m in Sources */,
				2D7A834C1E9C755D0042897C /* LeRAlert.m in Sources */,
				2D5A9CC51E8FA0E00097DAC7 /* LeRBlankRefreshView.m in Sources */,
				2D5A9CBE1E8F966C0097DAC7 /* LeRViewController.m in Sources */,
				2D7A83481E9BA6A50042897C /* LeRRefreshTableView.m in Sources */,
			);
			runOnlyForDeploymentPostprocessing = 0;
		};
		2D098BFC1E7FF0DD00715510 /* Sources */ = {
			isa = PBXSourcesBuildPhase;
			buildActionMask = 2147483647;
			files = (
				2D098C051E7FF0DD00715510 /* appleTests.m in Sources */,
			);
			runOnlyForDeploymentPostprocessing = 0;
		};
		2D098C071E7FF0DD00715510 /* Sources */ = {
			isa = PBXSourcesBuildPhase;
			buildActionMask = 2147483647;
			files = (
				2D098C101E7FF0DD00715510 /* appleUITests.m in Sources */,
			);
			runOnlyForDeploymentPostprocessing = 0;
		};
/* End PBXSourcesBuildPhase section */

/* Begin PBXTargetDependency section */
		2D098C021E7FF0DD00715510 /* PBXTargetDependency */ = {
			isa = PBXTargetDependency;
			target = 2D098BE31E7FF0DD00715510 /* apple */;
			targetProxy = 2D098C011E7FF0DD00715510 /* PBXContainerItemProxy */;
		};
		2D098C0D1E7FF0DD00715510 /* PBXTargetDependency */ = {
			isa = PBXTargetDependency;
			target = 2D098BE31E7FF0DD00715510 /* apple */;
			targetProxy = 2D098C0C1E7FF0DD00715510 /* PBXContainerItemProxy */;
		};
/* End PBXTargetDependency section */

/* Begin PBXVariantGroup section */
		2D098BF81E7FF0DD00715510 /* LaunchScreen.storyboard */ = {
			isa = PBXVariantGroup;
			children = (
				2D098BF91E7FF0DD00715510 /* Base */,
			);
			name = LaunchScreen.storyboard;
			sourceTree = "<group>";
		};
/* End PBXVariantGroup section */

/* Begin XCBuildConfiguration section */
		2D098C121E7FF0DD00715510 /* Debug */ = {
			isa = XCBuildConfiguration;
			buildSettings = {
				ALWAYS_SEARCH_USER_PATHS = NO;
				CLANG_ANALYZER_NONNULL = YES;
				CLANG_CXX_LANGUAGE_STANDARD = "gnu++0x";
				CLANG_CXX_LIBRARY = "libc++";
				CLANG_ENABLE_MODULES = YES;
				CLANG_ENABLE_OBJC_ARC = YES;
				CLANG_WARN_BOOL_CONVERSION = YES;
				CLANG_WARN_CONSTANT_CONVERSION = YES;
				CLANG_WARN_DIRECT_OBJC_ISA_USAGE = YES_ERROR;
				CLANG_WARN_DOCUMENTATION_COMMENTS = YES;
				CLANG_WARN_EMPTY_BODY = YES;
				CLANG_WARN_ENUM_CONVERSION = YES;
				CLANG_WARN_INFINITE_RECURSION = YES;
				CLANG_WARN_INT_CONVERSION = YES;
				CLANG_WARN_OBJC_ROOT_CLASS = YES_ERROR;
				CLANG_WARN_SUSPICIOUS_MOVE = YES;
				CLANG_WARN_UNREACHABLE_CODE = YES;
				CLANG_WARN__DUPLICATE_METHOD_MATCH = YES;
				"CODE_SIGN_IDENTITY[sdk=iphoneos*]" = "iPhone Developer";
				COPY_PHASE_STRIP = NO;
				DEBUG_INFORMATION_FORMAT = dwarf;
				ENABLE_STRICT_OBJC_MSGSEND = YES;
				ENABLE_TESTABILITY = YES;
				GCC_C_LANGUAGE_STANDARD = gnu99;
				GCC_DYNAMIC_NO_PIC = NO;
				GCC_NO_COMMON_BLOCKS = YES;
				GCC_OPTIMIZATION_LEVEL = 0;
				GCC_PREPROCESSOR_DEFINITIONS = (
					"DEBUG=1",
					"$(inherited)",
				);
				GCC_WARN_64_TO_32_BIT_CONVERSION = YES;
				GCC_WARN_ABOUT_RETURN_TYPE = YES_ERROR;
				GCC_WARN_UNDECLARED_SELECTOR = YES;
				GCC_WARN_UNINITIALIZED_AUTOS = YES_AGGRESSIVE;
				GCC_WARN_UNUSED_FUNCTION = YES;
				GCC_WARN_UNUSED_VARIABLE = YES;
				IPHONEOS_DEPLOYMENT_TARGET = 10.2;
				MTL_ENABLE_DEBUG_INFO = YES;
				ONLY_ACTIVE_ARCH = YES;
				SDKROOT = iphoneos;
			};
			name = Debug;
		};
		2D098C131E7FF0DD00715510 /* Release */ = {
			isa = XCBuildConfiguration;
			buildSettings = {
				ALWAYS_SEARCH_USER_PATHS = NO;
				CLANG_ANALYZER_NONNULL = YES;
				CLANG_CXX_LANGUAGE_STANDARD = "gnu++0x";
				CLANG_CXX_LIBRARY = "libc++";
				CLANG_ENABLE_MODULES = YES;
				CLANG_ENABLE_OBJC_ARC = YES;
				CLANG_WARN_BOOL_CONVERSION = YES;
				CLANG_WARN_CONSTANT_CONVERSION = YES;
				CLANG_WARN_DIRECT_OBJC_ISA_USAGE = YES_ERROR;
				CLANG_WARN_DOCUMENTATION_COMMENTS = YES;
				CLANG_WARN_EMPTY_BODY = YES;
				CLANG_WARN_ENUM_CONVERSION = YES;
				CLANG_WARN_INFINITE_RECURSION = YES;
				CLANG_WARN_INT_CONVERSION = YES;
				CLANG_WARN_OBJC_ROOT_CLASS = YES_ERROR;
				CLANG_WARN_SUSPICIOUS_MOVE = YES;
				CLANG_WARN_UNREACHABLE_CODE = YES;
				CLANG_WARN__DUPLICATE_METHOD_MATCH = YES;
				"CODE_SIGN_IDENTITY[sdk=iphoneos*]" = "iPhone Developer";
				COPY_PHASE_STRIP = NO;
				DEBUG_INFORMATION_FORMAT = "dwarf-with-dsym";
				ENABLE_NS_ASSERTIONS = NO;
				ENABLE_STRICT_OBJC_MSGSEND = YES;
				GCC_C_LANGUAGE_STANDARD = gnu99;
				GCC_NO_COMMON_BLOCKS = YES;
				GCC_WARN_64_TO_32_BIT_CONVERSION = YES;
				GCC_WARN_ABOUT_RETURN_TYPE = YES_ERROR;
				GCC_WARN_UNDECLARED_SELECTOR = YES;
				GCC_WARN_UNINITIALIZED_AUTOS = YES_AGGRESSIVE;
				GCC_WARN_UNUSED_FUNCTION = YES;
				GCC_WARN_UNUSED_VARIABLE = YES;
				IPHONEOS_DEPLOYMENT_TARGET = 10.2;
				MTL_ENABLE_DEBUG_INFO = NO;
				SDKROOT = iphoneos;
				VALIDATE_PRODUCT = YES;
			};
			name = Release;
		};
		2D098C151E7FF0DD00715510 /* Debug */ = {
			isa = XCBuildConfiguration;
			baseConfigurationReference = 722E44778CDD30A704726506 /* Pods-apple.debug.xcconfig */;
			buildSettings = {
				ASSETCATALOG_COMPILER_APPICON_NAME = AppIcon;
				GCC_PREFIX_HEADER = "$(SRCROOT)/apple/MOA-Prefix.pch";
				INFOPLIST_FILE = apple/Info.plist;
				IPHONEOS_DEPLOYMENT_TARGET = 8.0;
				LD_RUNPATH_SEARCH_PATHS = "$(inherited) @executable_path/Frameworks";
				PRODUCT_BUNDLE_IDENTIFIER = com.sangfor.apple;
				PRODUCT_NAME = "$(TARGET_NAME)";
			};
			name = Debug;
		};
		2D098C161E7FF0DD00715510 /* Release */ = {
			isa = XCBuildConfiguration;
			baseConfigurationReference = E38E7B770A55920C970347B6 /* Pods-apple.release.xcconfig */;
			buildSettings = {
				ASSETCATALOG_COMPILER_APPICON_NAME = AppIcon;
				GCC_PREFIX_HEADER = "$(SRCROOT)/apple/MOA-Prefix.pch";
				INFOPLIST_FILE = apple/Info.plist;
				IPHONEOS_DEPLOYMENT_TARGET = 8.0;
				LD_RUNPATH_SEARCH_PATHS = "$(inherited) @executable_path/Frameworks";
				PRODUCT_BUNDLE_IDENTIFIER = com.sangfor.apple;
				PRODUCT_NAME = "$(TARGET_NAME)";
			};
			name = Release;
		};
		2D098C181E7FF0DD00715510 /* Debug */ = {
			isa = XCBuildConfiguration;
			buildSettings = {
				BUNDLE_LOADER = "$(TEST_HOST)";
				INFOPLIST_FILE = appleTests/Info.plist;
				LD_RUNPATH_SEARCH_PATHS = "$(inherited) @executable_path/Frameworks @loader_path/Frameworks";
				PRODUCT_BUNDLE_IDENTIFIER = com.sangfor.appleTests;
				PRODUCT_NAME = "$(TARGET_NAME)";
				TEST_HOST = "$(BUILT_PRODUCTS_DIR)/apple.app/apple";
			};
			name = Debug;
		};
		2D098C191E7FF0DD00715510 /* Release */ = {
			isa = XCBuildConfiguration;
			buildSettings = {
				BUNDLE_LOADER = "$(TEST_HOST)";
				INFOPLIST_FILE = appleTests/Info.plist;
				LD_RUNPATH_SEARCH_PATHS = "$(inherited) @executable_path/Frameworks @loader_path/Frameworks";
				PRODUCT_BUNDLE_IDENTIFIER = com.sangfor.appleTests;
				PRODUCT_NAME = "$(TARGET_NAME)";
				TEST_HOST = "$(BUILT_PRODUCTS_DIR)/apple.app/apple";
			};
			name = Release;
		};
		2D098C1B1E7FF0DD00715510 /* Debug */ = {
			isa = XCBuildConfiguration;
			buildSettings = {
				INFOPLIST_FILE = appleUITests/Info.plist;
				LD_RUNPATH_SEARCH_PATHS = "$(inherited) @executable_path/Frameworks @loader_path/Frameworks";
				PRODUCT_BUNDLE_IDENTIFIER = com.sangfor.appleUITests;
				PRODUCT_NAME = "$(TARGET_NAME)";
				TEST_TARGET_NAME = apple;
			};
			name = Debug;
		};
		2D098C1C1E7FF0DD00715510 /* Release */ = {
			isa = XCBuildConfiguration;
			buildSettings = {
				INFOPLIST_FILE = appleUITests/Info.plist;
				LD_RUNPATH_SEARCH_PATHS = "$(inherited) @executable_path/Frameworks @loader_path/Frameworks";
				PRODUCT_BUNDLE_IDENTIFIER = com.sangfor.appleUITests;
				PRODUCT_NAME = "$(TARGET_NAME)";
				TEST_TARGET_NAME = apple;
			};
			name = Release;
		};
/* End XCBuildConfiguration section */

/* Begin XCConfigurationList section */
		2D098BDF1E7FF0DD00715510 /* Build configuration list for PBXProject "apple" */ = {
			isa = XCConfigurationList;
			buildConfigurations = (
				2D098C121E7FF0DD00715510 /* Debug */,
				2D098C131E7FF0DD00715510 /* Release */,
			);
			defaultConfigurationIsVisible = 0;
			defaultConfigurationName = Release;
		};
		2D098C141E7FF0DD00715510 /* Build configuration list for PBXNativeTarget "apple" */ = {
			isa = XCConfigurationList;
			buildConfigurations = (
				2D098C151E7FF0DD00715510 /* Debug */,
				2D098C161E7FF0DD00715510 /* Release */,
			);
			defaultConfigurationIsVisible = 0;
			defaultConfigurationName = Release;
		};
		2D098C171E7FF0DD00715510 /* Build configuration list for PBXNativeTarget "appleTests" */ = {
			isa = XCConfigurationList;
			buildConfigurations = (
				2D098C181E7FF0DD00715510 /* Debug */,
				2D098C191E7FF0DD00715510 /* Release */,
			);
			defaultConfigurationIsVisible = 0;
			defaultConfigurationName = Release;
		};
		2D098C1A1E7FF0DD00715510 /* Build configuration list for PBXNativeTarget "appleUITests" */ = {
			isa = XCConfigurationList;
			buildConfigurations = (
				2D098C1B1E7FF0DD00715510 /* Debug */,
				2D098C1C1E7FF0DD00715510 /* Release */,
			);
			defaultConfigurationIsVisible = 0;
			defaultConfigurationName = Release;
		};
/* End XCConfigurationList section */

/* Begin XCVersionGroup section */
		2D098BF31E7FF0DD00715510 /* apple.xcdatamodeld */ = {
			isa = XCVersionGroup;
			children = (
				2D098BF41E7FF0DD00715510 /* apple.xcdatamodel */,
			);
			currentVersion = 2D098BF41E7FF0DD00715510 /* apple.xcdatamodel */;
			path = apple.xcdatamodeld;
			sourceTree = "<group>";
			versionGroupType = wrapper.xcdatamodel;
		};
/* End XCVersionGroup section */
	};
	rootObject = 2D098BDC1E7FF0DD00715510 /* Project object */;
}
