// !$*UTF8*$!
{
	archiveVersion = 1;
	classes = {
	};
	objectVersion = 46;
	objects = {

/* Begin PBXBuildFile section */
		2D5A2D8C1F1706D70022660B /* TouchableViewController.m in Sources */ = {isa = PBXBuildFile; fileRef = 2D5A2D8B1F1706D70022660B /* TouchableViewController.m */; };
		2D5A2D8F1F17070B0022660B /* RefreshControlViewController.m in Sources */ = {isa = PBXBuildFile; fileRef = 2D5A2D8E1F17070B0022660B /* RefreshControlViewController.m */; };
		2D5A2D921F1717970022660B /* ShareViewController.m in Sources */ = {isa = PBXBuildFile; fileRef = 2D5A2D911F1717970022660B /* ShareViewController.m */; };
		2D800E491F13AA49008CE0F1 /* FlatListViewController.m in Sources */ = {isa = PBXBuildFile; fileRef = 2D800E481F13AA49008CE0F1 /* FlatListViewController.m */; };
		2D800E4C1F14B359008CE0F1 /* FetchViewController.m in Sources */ = {isa = PBXBuildFile; fileRef = 2D800E4B1F14B359008CE0F1 /* FetchViewController.m */; };
		2D800E5B1F14F5EB008CE0F1 /* PushViewController.m in Sources */ = {isa = PBXBuildFile; fileRef = 2D800E5A1F14F5EB008CE0F1 /* PushViewController.m */; };
		6A0933BA1F11E17D00FB131C /* main.m in Sources */ = {isa = PBXBuildFile; fileRef = 6A0933B91F11E17D00FB131C /* main.m */; };
		6A0933BD1F11E17E00FB131C /* AppDelegate.m in Sources */ = {isa = PBXBuildFile; fileRef = 6A0933BC1F11E17E00FB131C /* AppDelegate.m */; };
		6A0933C01F11E17E00FB131C /* ViewController.m in Sources */ = {isa = PBXBuildFile; fileRef = 6A0933BF1F11E17E00FB131C /* ViewController.m */; };
		6A0933C31F11E17E00FB131C /* Main.storyboard in Resources */ = {isa = PBXBuildFile; fileRef = 6A0933C11F11E17E00FB131C /* Main.storyboard */; };
		6A0933C61F11E17E00FB131C /* RN.xcdatamodeld in Sources */ = {isa = PBXBuildFile; fileRef = 6A0933C41F11E17E00FB131C /* RN.xcdatamodeld */; };
		6A0933C81F11E17E00FB131C /* Assets.xcassets in Resources */ = {isa = PBXBuildFile; fileRef = 6A0933C71F11E17E00FB131C /* Assets.xcassets */; };
		6A0933CB1F11E17E00FB131C /* LaunchScreen.storyboard in Resources */ = {isa = PBXBuildFile; fileRef = 6A0933C91F11E17E00FB131C /* LaunchScreen.storyboard */; };
		6A0933D61F11E17E00FB131C /* RNTests.m in Sources */ = {isa = PBXBuildFile; fileRef = 6A0933D51F11E17E00FB131C /* RNTests.m */; };
		6A0933E11F11E17E00FB131C /* RNUITests.m in Sources */ = {isa = PBXBuildFile; fileRef = 6A0933E01F11E17E00FB131C /* RNUITests.m */; };
		6A0933FB1F11FB2900FB131C /* CSSViewController.m in Sources */ = {isa = PBXBuildFile; fileRef = 6A0933FA1F11FB2900FB131C /* CSSViewController.m */; };
		6A6B5CFF1F120487004D3AB5 /* TextImageViewController.m in Sources */ = {isa = PBXBuildFile; fileRef = 6A6B5CFE1F120487004D3AB5 /* TextImageViewController.m */; };
		6A6B5D021F1204C0004D3AB5 /* BaseViewController.m in Sources */ = {isa = PBXBuildFile; fileRef = 6A6B5D011F1204C0004D3AB5 /* BaseViewController.m */; };
		6A6B5D051F1208AC004D3AB5 /* CustomUIController.m in Sources */ = {isa = PBXBuildFile; fileRef = 6A6B5D041F1208AC004D3AB5 /* CustomUIController.m */; };
		6A6B5D081F121075004D3AB5 /* FlexViewController.m in Sources */ = {isa = PBXBuildFile; fileRef = 6A6B5D071F121075004D3AB5 /* FlexViewController.m */; };
		6A6B5D0B1F122560004D3AB5 /* PickerViewController.m in Sources */ = {isa = PBXBuildFile; fileRef = 6A6B5D0A1F122560004D3AB5 /* PickerViewController.m */; };
		6A6B5D0E1F1294EC004D3AB5 /* StateViewController.m in Sources */ = {isa = PBXBuildFile; fileRef = 6A6B5D0D1F1294EC004D3AB5 /* StateViewController.m */; };
		6A6B5D111F129CAB004D3AB5 /* InputTextViewController.m in Sources */ = {isa = PBXBuildFile; fileRef = 6A6B5D101F129CAB004D3AB5 /* InputTextViewController.m */; };
		6A6B5D141F129FA6004D3AB5 /* ScrollViewController.m in Sources */ = {isa = PBXBuildFile; fileRef = 6A6B5D131F129FA6004D3AB5 /* ScrollViewController.m */; };
		A8EAD7CD610A3D32E986502B /* libPods-RN.a in Frameworks */ = {isa = PBXBuildFile; fileRef = C61190C0147D1EDCC6B0D015 /* libPods-RN.a */; };
/* End PBXBuildFile section */

/* Begin PBXContainerItemProxy section */
		6A0933D21F11E17E00FB131C /* PBXContainerItemProxy */ = {
			isa = PBXContainerItemProxy;
			containerPortal = 6A0933AD1F11E17D00FB131C /* Project object */;
			proxyType = 1;
			remoteGlobalIDString = 6A0933B41F11E17D00FB131C;
			remoteInfo = RN;
		};
		6A0933DD1F11E17E00FB131C /* PBXContainerItemProxy */ = {
			isa = PBXContainerItemProxy;
			containerPortal = 6A0933AD1F11E17D00FB131C /* Project object */;
			proxyType = 1;
			remoteGlobalIDString = 6A0933B41F11E17D00FB131C;
			remoteInfo = RN;
		};
/* End PBXContainerItemProxy section */

/* Begin PBXFileReference section */
		14A4241C1622EA65E62398F6 /* Pods-RN.debug.xcconfig */ = {isa = PBXFileReference; includeInIndex = 1; lastKnownFileType = text.xcconfig; name = "Pods-RN.debug.xcconfig"; path = "Pods/Target Support Files/Pods-RN/Pods-RN.debug.xcconfig"; sourceTree = "<group>"; };
		2D5A2D8A1F1706D70022660B /* TouchableViewController.h */ = {isa = PBXFileReference; fileEncoding = 4; lastKnownFileType = sourcecode.c.h; path = TouchableViewController.h; sourceTree = "<group>"; };
		2D5A2D8B1F1706D70022660B /* TouchableViewController.m */ = {isa = PBXFileReference; fileEncoding = 4; lastKnownFileType = sourcecode.c.objc; path = TouchableViewController.m; sourceTree = "<group>"; };
		2D5A2D8D1F17070B0022660B /* RefreshControlViewController.h */ = {isa = PBXFileReference; fileEncoding = 4; lastKnownFileType = sourcecode.c.h; path = RefreshControlViewController.h; sourceTree = "<group>"; };
		2D5A2D8E1F17070B0022660B /* RefreshControlViewController.m */ = {isa = PBXFileReference; fileEncoding = 4; lastKnownFileType = sourcecode.c.objc; path = RefreshControlViewController.m; sourceTree = "<group>"; };
		2D5A2D901F1717970022660B /* ShareViewController.h */ = {isa = PBXFileReference; fileEncoding = 4; lastKnownFileType = sourcecode.c.h; path = ShareViewController.h; sourceTree = "<group>"; };
		2D5A2D911F1717970022660B /* ShareViewController.m */ = {isa = PBXFileReference; fileEncoding = 4; lastKnownFileType = sourcecode.c.objc; path = ShareViewController.m; sourceTree = "<group>"; };
		2D800E471F13AA49008CE0F1 /* FlatListViewController.h */ = {isa = PBXFileReference; fileEncoding = 4; lastKnownFileType = sourcecode.c.h; path = FlatListViewController.h; sourceTree = "<group>"; };
		2D800E481F13AA49008CE0F1 /* FlatListViewController.m */ = {isa = PBXFileReference; fileEncoding = 4; lastKnownFileType = sourcecode.c.objc; path = FlatListViewController.m; sourceTree = "<group>"; };
		2D800E4A1F14B359008CE0F1 /* FetchViewController.h */ = {isa = PBXFileReference; fileEncoding = 4; lastKnownFileType = sourcecode.c.h; path = FetchViewController.h; sourceTree = "<group>"; };
		2D800E4B1F14B359008CE0F1 /* FetchViewController.m */ = {isa = PBXFileReference; fileEncoding = 4; lastKnownFileType = sourcecode.c.objc; path = FetchViewController.m; sourceTree = "<group>"; };
		2D800E591F14F5EB008CE0F1 /* PushViewController.h */ = {isa = PBXFileReference; fileEncoding = 4; lastKnownFileType = sourcecode.c.h; path = PushViewController.h; sourceTree = "<group>"; };
		2D800E5A1F14F5EB008CE0F1 /* PushViewController.m */ = {isa = PBXFileReference; fileEncoding = 4; lastKnownFileType = sourcecode.c.objc; path = PushViewController.m; sourceTree = "<group>"; };
		6A0933B51F11E17D00FB131C /* RN.app */ = {isa = PBXFileReference; explicitFileType = wrapper.application; includeInIndex = 0; path = RN.app; sourceTree = BUILT_PRODUCTS_DIR; };
		6A0933B91F11E17D00FB131C /* main.m */ = {isa = PBXFileReference; lastKnownFileType = sourcecode.c.objc; path = main.m; sourceTree = "<group>"; };
		6A0933BB1F11E17D00FB131C /* AppDelegate.h */ = {isa = PBXFileReference; lastKnownFileType = sourcecode.c.h; path = AppDelegate.h; sourceTree = "<group>"; };
		6A0933BC1F11E17E00FB131C /* AppDelegate.m */ = {isa = PBXFileReference; lastKnownFileType = sourcecode.c.objc; path = AppDelegate.m; sourceTree = "<group>"; };
		6A0933BE1F11E17E00FB131C /* ViewController.h */ = {isa = PBXFileReference; lastKnownFileType = sourcecode.c.h; path = ViewController.h; sourceTree = "<group>"; };
		6A0933BF1F11E17E00FB131C /* ViewController.m */ = {isa = PBXFileReference; lastKnownFileType = sourcecode.c.objc; path = ViewController.m; sourceTree = "<group>"; };
		6A0933C21F11E17E00FB131C /* Base */ = {isa = PBXFileReference; lastKnownFileType = file.storyboard; name = Base; path = Base.lproj/Main.storyboard; sourceTree = "<group>"; };
		6A0933C51F11E17E00FB131C /* RN.xcdatamodel */ = {isa = PBXFileReference; lastKnownFileType = wrapper.xcdatamodel; path = RN.xcdatamodel; sourceTree = "<group>"; };
		6A0933C71F11E17E00FB131C /* Assets.xcassets */ = {isa = PBXFileReference; lastKnownFileType = folder.assetcatalog; path = Assets.xcassets; sourceTree = "<group>"; };
		6A0933CA1F11E17E00FB131C /* Base */ = {isa = PBXFileReference; lastKnownFileType = file.storyboard; name = Base; path = Base.lproj/LaunchScreen.storyboard; sourceTree = "<group>"; };
		6A0933CC1F11E17E00FB131C /* Info.plist */ = {isa = PBXFileReference; lastKnownFileType = text.plist.xml; path = Info.plist; sourceTree = "<group>"; };
		6A0933D11F11E17E00FB131C /* RNTests.xctest */ = {isa = PBXFileReference; explicitFileType = wrapper.cfbundle; includeInIndex = 0; path = RNTests.xctest; sourceTree = BUILT_PRODUCTS_DIR; };
		6A0933D51F11E17E00FB131C /* RNTests.m */ = {isa = PBXFileReference; lastKnownFileType = sourcecode.c.objc; path = RNTests.m; sourceTree = "<group>"; };
		6A0933D71F11E17E00FB131C /* Info.plist */ = {isa = PBXFileReference; lastKnownFileType = text.plist.xml; path = Info.plist; sourceTree = "<group>"; };
		6A0933DC1F11E17E00FB131C /* RNUITests.xctest */ = {isa = PBXFileReference; explicitFileType = wrapper.cfbundle; includeInIndex = 0; path = RNUITests.xctest; sourceTree = BUILT_PRODUCTS_DIR; };
		6A0933E01F11E17E00FB131C /* RNUITests.m */ = {isa = PBXFileReference; lastKnownFileType = sourcecode.c.objc; path = RNUITests.m; sourceTree = "<group>"; };
		6A0933E21F11E17E00FB131C /* Info.plist */ = {isa = PBXFileReference; lastKnownFileType = text.plist.xml; path = Info.plist; sourceTree = "<group>"; };
		6A0933F91F11FB2900FB131C /* CSSViewController.h */ = {isa = PBXFileReference; fileEncoding = 4; lastKnownFileType = sourcecode.c.h; path = CSSViewController.h; sourceTree = "<group>"; };
		6A0933FA1F11FB2900FB131C /* CSSViewController.m */ = {isa = PBXFileReference; fileEncoding = 4; lastKnownFileType = sourcecode.c.objc; path = CSSViewController.m; sourceTree = "<group>"; };
		6A6B5CFD1F120487004D3AB5 /* TextImageViewController.h */ = {isa = PBXFileReference; fileEncoding = 4; lastKnownFileType = sourcecode.c.h; path = TextImageViewController.h; sourceTree = "<group>"; };
		6A6B5CFE1F120487004D3AB5 /* TextImageViewController.m */ = {isa = PBXFileReference; fileEncoding = 4; lastKnownFileType = sourcecode.c.objc; path = TextImageViewController.m; sourceTree = "<group>"; };
		6A6B5D001F1204C0004D3AB5 /* BaseViewController.h */ = {isa = PBXFileReference; fileEncoding = 4; lastKnownFileType = sourcecode.c.h; path = BaseViewController.h; sourceTree = "<group>"; };
		6A6B5D011F1204C0004D3AB5 /* BaseViewController.m */ = {isa = PBXFileReference; fileEncoding = 4; lastKnownFileType = sourcecode.c.objc; path = BaseViewController.m; sourceTree = "<group>"; };
		6A6B5D031F1208AC004D3AB5 /* CustomUIController.h */ = {isa = PBXFileReference; fileEncoding = 4; lastKnownFileType = sourcecode.c.h; path = CustomUIController.h; sourceTree = "<group>"; };
		6A6B5D041F1208AC004D3AB5 /* CustomUIController.m */ = {isa = PBXFileReference; fileEncoding = 4; lastKnownFileType = sourcecode.c.objc; path = CustomUIController.m; sourceTree = "<group>"; };
		6A6B5D061F121075004D3AB5 /* FlexViewController.h */ = {isa = PBXFileReference; fileEncoding = 4; lastKnownFileType = sourcecode.c.h; path = FlexViewController.h; sourceTree = "<group>"; };
		6A6B5D071F121075004D3AB5 /* FlexViewController.m */ = {isa = PBXFileReference; fileEncoding = 4; lastKnownFileType = sourcecode.c.objc; path = FlexViewController.m; sourceTree = "<group>"; };
		6A6B5D091F122560004D3AB5 /* PickerViewController.h */ = {isa = PBXFileReference; fileEncoding = 4; lastKnownFileType = sourcecode.c.h; path = PickerViewController.h; sourceTree = "<group>"; };
		6A6B5D0A1F122560004D3AB5 /* PickerViewController.m */ = {isa = PBXFileReference; fileEncoding = 4; lastKnownFileType = sourcecode.c.objc; path = PickerViewController.m; sourceTree = "<group>"; };
		6A6B5D0C1F1294EC004D3AB5 /* StateViewController.h */ = {isa = PBXFileReference; fileEncoding = 4; lastKnownFileType = sourcecode.c.h; path = StateViewController.h; sourceTree = "<group>"; };
		6A6B5D0D1F1294EC004D3AB5 /* StateViewController.m */ = {isa = PBXFileReference; fileEncoding = 4; lastKnownFileType = sourcecode.c.objc; path = StateViewController.m; sourceTree = "<group>"; };
		6A6B5D0F1F129CAB004D3AB5 /* InputTextViewController.h */ = {isa = PBXFileReference; fileEncoding = 4; lastKnownFileType = sourcecode.c.h; path = InputTextViewController.h; sourceTree = "<group>"; };
		6A6B5D101F129CAB004D3AB5 /* InputTextViewController.m */ = {isa = PBXFileReference; fileEncoding = 4; lastKnownFileType = sourcecode.c.objc; path = InputTextViewController.m; sourceTree = "<group>"; };
		6A6B5D121F129FA6004D3AB5 /* ScrollViewController.h */ = {isa = PBXFileReference; fileEncoding = 4; lastKnownFileType = sourcecode.c.h; path = ScrollViewController.h; sourceTree = "<group>"; };
		6A6B5D131F129FA6004D3AB5 /* ScrollViewController.m */ = {isa = PBXFileReference; fileEncoding = 4; lastKnownFileType = sourcecode.c.objc; path = ScrollViewController.m; sourceTree = "<group>"; };
		BFE89672C66D0714C79E2028 /* Pods-RN.release.xcconfig */ = {isa = PBXFileReference; includeInIndex = 1; lastKnownFileType = text.xcconfig; name = "Pods-RN.release.xcconfig"; path = "Pods/Target Support Files/Pods-RN/Pods-RN.release.xcconfig"; sourceTree = "<group>"; };
		C61190C0147D1EDCC6B0D015 /* libPods-RN.a */ = {isa = PBXFileReference; explicitFileType = archive.ar; includeInIndex = 0; path = "libPods-RN.a"; sourceTree = BUILT_PRODUCTS_DIR; };
/* End PBXFileReference section */

/* Begin PBXFrameworksBuildPhase section */
		6A0933B21F11E17D00FB131C /* Frameworks */ = {
			isa = PBXFrameworksBuildPhase;
			buildActionMask = 2147483647;
			files = (
				A8EAD7CD610A3D32E986502B /* libPods-RN.a in Frameworks */,
			);
			runOnlyForDeploymentPostprocessing = 0;
		};
		6A0933CE1F11E17E00FB131C /* Frameworks */ = {
			isa = PBXFrameworksBuildPhase;
			buildActionMask = 2147483647;
			files = (
			);
			runOnlyForDeploymentPostprocessing = 0;
		};
		6A0933D91F11E17E00FB131C /* Frameworks */ = {
			isa = PBXFrameworksBuildPhase;
			buildActionMask = 2147483647;
			files = (
			);
			runOnlyForDeploymentPostprocessing = 0;
		};
/* End PBXFrameworksBuildPhase section */

/* Begin PBXGroup section */
		6A0933AC1F11E17D00FB131C = {
			isa = PBXGroup;
			children = (
				6A0933B71F11E17D00FB131C /* RN */,
				6A0933D41F11E17E00FB131C /* RNTests */,
				6A0933DF1F11E17E00FB131C /* RNUITests */,
				6A0933B61F11E17D00FB131C /* Products */,
				F38D483AE85CAE16EFAEB526 /* Pods */,
				C382DD02A38EC4CCC4D68083 /* Frameworks */,
			);
			sourceTree = "<group>";
		};
		6A0933B61F11E17D00FB131C /* Products */ = {
			isa = PBXGroup;
			children = (
				6A0933B51F11E17D00FB131C /* RN.app */,
				6A0933D11F11E17E00FB131C /* RNTests.xctest */,
				6A0933DC1F11E17E00FB131C /* RNUITests.xctest */,
			);
			name = Products;
			sourceTree = "<group>";
		};
		6A0933B71F11E17D00FB131C /* RN */ = {
			isa = PBXGroup;
			children = (
				6A0933BB1F11E17D00FB131C /* AppDelegate.h */,
				6A0933BC1F11E17E00FB131C /* AppDelegate.m */,
				6A0933BE1F11E17E00FB131C /* ViewController.h */,
				6A0933BF1F11E17E00FB131C /* ViewController.m */,
				6A6B5D001F1204C0004D3AB5 /* BaseViewController.h */,
				6A6B5D011F1204C0004D3AB5 /* BaseViewController.m */,
				6A6B5CFD1F120487004D3AB5 /* TextImageViewController.h */,
				6A6B5CFE1F120487004D3AB5 /* TextImageViewController.m */,
				6A6B5D031F1208AC004D3AB5 /* CustomUIController.h */,
				6A6B5D041F1208AC004D3AB5 /* CustomUIController.m */,
				6A6B5D0F1F129CAB004D3AB5 /* InputTextViewController.h */,
				6A6B5D101F129CAB004D3AB5 /* InputTextViewController.m */,
				6A0933F91F11FB2900FB131C /* CSSViewController.h */,
				6A0933FA1F11FB2900FB131C /* CSSViewController.m */,
				6A6B5D061F121075004D3AB5 /* FlexViewController.h */,
				6A6B5D071F121075004D3AB5 /* FlexViewController.m */,
				6A6B5D0C1F1294EC004D3AB5 /* StateViewController.h */,
				6A6B5D0D1F1294EC004D3AB5 /* StateViewController.m */,
				6A6B5D091F122560004D3AB5 /* PickerViewController.h */,
				6A6B5D0A1F122560004D3AB5 /* PickerViewController.m */,
				6A6B5D121F129FA6004D3AB5 /* ScrollViewController.h */,
				6A6B5D131F129FA6004D3AB5 /* ScrollViewController.m */,
				2D800E471F13AA49008CE0F1 /* FlatListViewController.h */,
				2D800E481F13AA49008CE0F1 /* FlatListViewController.m */,
				2D800E4A1F14B359008CE0F1 /* FetchViewController.h */,
				2D800E4B1F14B359008CE0F1 /* FetchViewController.m */,
				2D800E591F14F5EB008CE0F1 /* PushViewController.h */,
				2D800E5A1F14F5EB008CE0F1 /* PushViewController.m */,
				2D5A2D8A1F1706D70022660B /* TouchableViewController.h */,
				2D5A2D8B1F1706D70022660B /* TouchableViewController.m */,
				2D5A2D8D1F17070B0022660B /* RefreshControlViewController.h */,
				2D5A2D8E1F17070B0022660B /* RefreshControlViewController.m */,
				2D5A2D901F1717970022660B /* ShareViewController.h */,
				2D5A2D911F1717970022660B /* ShareViewController.m */,
				6A0933C11F11E17E00FB131C /* Main.storyboard */,
				6A0933C71F11E17E00FB131C /* Assets.xcassets */,
				6A0933C91F11E17E00FB131C /* LaunchScreen.storyboard */,
				6A0933CC1F11E17E00FB131C /* Info.plist */,
				6A0933C41F11E17E00FB131C /* RN.xcdatamodeld */,
				6A0933B81F11E17D00FB131C /* Supporting Files */,
			);
			path = RN;
			sourceTree = "<group>";
		};
		6A0933B81F11E17D00FB131C /* Supporting Files */ = {
			isa = PBXGroup;
			children = (
				6A0933B91F11E17D00FB131C /* main.m */,
			);
			name = "Supporting Files";
			sourceTree = "<group>";
		};
		6A0933D41F11E17E00FB131C /* RNTests */ = {
			isa = PBXGroup;
			children = (
				6A0933D51F11E17E00FB131C /* RNTests.m */,
				6A0933D71F11E17E00FB131C /* Info.plist */,
			);
			path = RNTests;
			sourceTree = "<group>";
		};
		6A0933DF1F11E17E00FB131C /* RNUITests */ = {
			isa = PBXGroup;
			children = (
				6A0933E01F11E17E00FB131C /* RNUITests.m */,
				6A0933E21F11E17E00FB131C /* Info.plist */,
			);
			path = RNUITests;
			sourceTree = "<group>";
		};
		C382DD02A38EC4CCC4D68083 /* Frameworks */ = {
			isa = PBXGroup;
			children = (
				C61190C0147D1EDCC6B0D015 /* libPods-RN.a */,
			);
			name = Frameworks;
			sourceTree = "<group>";
		};
		F38D483AE85CAE16EFAEB526 /* Pods */ = {
			isa = PBXGroup;
			children = (
				14A4241C1622EA65E62398F6 /* Pods-RN.debug.xcconfig */,
				BFE89672C66D0714C79E2028 /* Pods-RN.release.xcconfig */,
			);
			name = Pods;
			sourceTree = "<group>";
		};
/* End PBXGroup section */

/* Begin PBXNativeTarget section */
		6A0933B41F11E17D00FB131C /* RN */ = {
			isa = PBXNativeTarget;
			buildConfigurationList = 6A0933E51F11E17E00FB131C /* Build configuration list for PBXNativeTarget "RN" */;
			buildPhases = (
				8935051A93A1689C28BF4202 /* [CP] Check Pods Manifest.lock */,
				6A0933B11F11E17D00FB131C /* Sources */,
				6A0933B21F11E17D00FB131C /* Frameworks */,
				6A0933B31F11E17D00FB131C /* Resources */,
				A843BC9520277B3307400F40 /* [CP] Embed Pods Frameworks */,
				EF37C31655E5B6CE8EA2D5C1 /* [CP] Copy Pods Resources */,
			);
			buildRules = (
			);
			dependencies = (
			);
			name = RN;
			productName = RN;
			productReference = 6A0933B51F11E17D00FB131C /* RN.app */;
			productType = "com.apple.product-type.application";
		};
		6A0933D01F11E17E00FB131C /* RNTests */ = {
			isa = PBXNativeTarget;
			buildConfigurationList = 6A0933E81F11E17E00FB131C /* Build configuration list for PBXNativeTarget "RNTests" */;
			buildPhases = (
				6A0933CD1F11E17E00FB131C /* Sources */,
				6A0933CE1F11E17E00FB131C /* Frameworks */,
				6A0933CF1F11E17E00FB131C /* Resources */,
			);
			buildRules = (
			);
			dependencies = (
				6A0933D31F11E17E00FB131C /* PBXTargetDependency */,
			);
			name = RNTests;
			productName = RNTests;
			productReference = 6A0933D11F11E17E00FB131C /* RNTests.xctest */;
			productType = "com.apple.product-type.bundle.unit-test";
		};
		6A0933DB1F11E17E00FB131C /* RNUITests */ = {
			isa = PBXNativeTarget;
			buildConfigurationList = 6A0933EB1F11E17E00FB131C /* Build configuration list for PBXNativeTarget "RNUITests" */;
			buildPhases = (
				6A0933D81F11E17E00FB131C /* Sources */,
				6A0933D91F11E17E00FB131C /* Frameworks */,
				6A0933DA1F11E17E00FB131C /* Resources */,
			);
			buildRules = (
			);
			dependencies = (
				6A0933DE1F11E17E00FB131C /* PBXTargetDependency */,
			);
			name = RNUITests;
			productName = RNUITests;
			productReference = 6A0933DC1F11E17E00FB131C /* RNUITests.xctest */;
			productType = "com.apple.product-type.bundle.ui-testing";
		};
/* End PBXNativeTarget section */

/* Begin PBXProject section */
		6A0933AD1F11E17D00FB131C /* Project object */ = {
			isa = PBXProject;
			attributes = {
				LastUpgradeCheck = 0830;
				ORGANIZATIONNAME = LL;
				TargetAttributes = {
					6A0933B41F11E17D00FB131C = {
						CreatedOnToolsVersion = 8.3.3;
						ProvisioningStyle = Automatic;
					};
					6A0933D01F11E17E00FB131C = {
						CreatedOnToolsVersion = 8.3.3;
						ProvisioningStyle = Automatic;
						TestTargetID = 6A0933B41F11E17D00FB131C;
					};
					6A0933DB1F11E17E00FB131C = {
						CreatedOnToolsVersion = 8.3.3;
						ProvisioningStyle = Automatic;
						TestTargetID = 6A0933B41F11E17D00FB131C;
					};
				};
			};
			buildConfigurationList = 6A0933B01F11E17D00FB131C /* Build configuration list for PBXProject "RN" */;
			compatibilityVersion = "Xcode 3.2";
			developmentRegion = English;
			hasScannedForEncodings = 0;
			knownRegions = (
				en,
				Base,
			);
			mainGroup = 6A0933AC1F11E17D00FB131C;
			productRefGroup = 6A0933B61F11E17D00FB131C /* Products */;
			projectDirPath = "";
			projectRoot = "";
			targets = (
				6A0933B41F11E17D00FB131C /* RN */,
				6A0933D01F11E17E00FB131C /* RNTests */,
				6A0933DB1F11E17E00FB131C /* RNUITests */,
			);
		};
/* End PBXProject section */

/* Begin PBXResourcesBuildPhase section */
		6A0933B31F11E17D00FB131C /* Resources */ = {
			isa = PBXResourcesBuildPhase;
			buildActionMask = 2147483647;
			files = (
				6A0933CB1F11E17E00FB131C /* LaunchScreen.storyboard in Resources */,
				6A0933C81F11E17E00FB131C /* Assets.xcassets in Resources */,
				6A0933C31F11E17E00FB131C /* Main.storyboard in Resources */,
			);
			runOnlyForDeploymentPostprocessing = 0;
		};
		6A0933CF1F11E17E00FB131C /* Resources */ = {
			isa = PBXResourcesBuildPhase;
			buildActionMask = 2147483647;
			files = (
			);
			runOnlyForDeploymentPostprocessing = 0;
		};
		6A0933DA1F11E17E00FB131C /* Resources */ = {
			isa = PBXResourcesBuildPhase;
			buildActionMask = 2147483647;
			files = (
			);
			runOnlyForDeploymentPostprocessing = 0;
		};
/* End PBXResourcesBuildPhase section */

/* Begin PBXShellScriptBuildPhase section */
		8935051A93A1689C28BF4202 /* [CP] Check Pods Manifest.lock */ = {
			isa = PBXShellScriptBuildPhase;
			buildActionMask = 2147483647;
			files = (
			);
			inputPaths = (
			);
			name = "[CP] Check Pods Manifest.lock";
			outputPaths = (
			);
			runOnlyForDeploymentPostprocessing = 0;
			shellPath = /bin/sh;
			shellScript = "diff \"${PODS_PODFILE_DIR_PATH}/Podfile.lock\" \"${PODS_ROOT}/Manifest.lock\" > /dev/null\nif [ $? != 0 ] ; then\n    # print error to STDERR\n    echo \"error: The sandbox is not in sync with the Podfile.lock. Run 'pod install' or update your CocoaPods installation.\" >&2\n    exit 1\nfi\n";
			showEnvVarsInLog = 0;
		};
		A843BC9520277B3307400F40 /* [CP] Embed Pods Frameworks */ = {
			isa = PBXShellScriptBuildPhase;
			buildActionMask = 2147483647;
			files = (
			);
			inputPaths = (
			);
			name = "[CP] Embed Pods Frameworks";
			outputPaths = (
			);
			runOnlyForDeploymentPostprocessing = 0;
			shellPath = /bin/sh;
			shellScript = "\"${SRCROOT}/Pods/Target Support Files/Pods-RN/Pods-RN-frameworks.sh\"\n";
			showEnvVarsInLog = 0;
		};
		EF37C31655E5B6CE8EA2D5C1 /* [CP] Copy Pods Resources */ = {
			isa = PBXShellScriptBuildPhase;
			buildActionMask = 2147483647;
			files = (
			);
			inputPaths = (
			);
			name = "[CP] Copy Pods Resources";
			outputPaths = (
			);
			runOnlyForDeploymentPostprocessing = 0;
			shellPath = /bin/sh;
			shellScript = "\"${SRCROOT}/Pods/Target Support Files/Pods-RN/Pods-RN-resources.sh\"\n";
			showEnvVarsInLog = 0;
		};
/* End PBXShellScriptBuildPhase section */

/* Begin PBXSourcesBuildPhase section */
		6A0933B11F11E17D00FB131C /* Sources */ = {
			isa = PBXSourcesBuildPhase;
			buildActionMask = 2147483647;
			files = (
				2D5A2D8C1F1706D70022660B /* TouchableViewController.m in Sources */,
				6A0933FB1F11FB2900FB131C /* CSSViewController.m in Sources */,
				6A6B5D141F129FA6004D3AB5 /* ScrollViewController.m in Sources */,
				6A6B5D081F121075004D3AB5 /* FlexViewController.m in Sources */,
				2D800E4C1F14B359008CE0F1 /* FetchViewController.m in Sources */,
				6A6B5D0E1F1294EC004D3AB5 /* StateViewController.m in Sources */,
				6A6B5CFF1F120487004D3AB5 /* TextImageViewController.m in Sources */,
				6A6B5D051F1208AC004D3AB5 /* CustomUIController.m in Sources */,
				6A0933C01F11E17E00FB131C /* ViewController.m in Sources */,
				2D800E5B1F14F5EB008CE0F1 /* PushViewController.m in Sources */,
				2D5A2D921F1717970022660B /* ShareViewController.m in Sources */,
				2D5A2D8F1F17070B0022660B /* RefreshControlViewController.m in Sources */,
				6A0933BD1F11E17E00FB131C /* AppDelegate.m in Sources */,
				6A0933BA1F11E17D00FB131C /* main.m in Sources */,
				6A6B5D111F129CAB004D3AB5 /* InputTextViewController.m in Sources */,
				6A6B5D0B1F122560004D3AB5 /* PickerViewController.m in Sources */,
				6A6B5D021F1204C0004D3AB5 /* BaseViewController.m in Sources */,
				6A0933C61F11E17E00FB131C /* RN.xcdatamodeld in Sources */,
				2D800E491F13AA49008CE0F1 /* FlatListViewController.m in Sources */,
			);
			runOnlyForDeploymentPostprocessing = 0;
		};
		6A0933CD1F11E17E00FB131C /* Sources */ = {
			isa = PBXSourcesBuildPhase;
			buildActionMask = 2147483647;
			files = (
				6A0933D61F11E17E00FB131C /* RNTests.m in Sources */,
			);
			runOnlyForDeploymentPostprocessing = 0;
		};
		6A0933D81F11E17E00FB131C /* Sources */ = {
			isa = PBXSourcesBuildPhase;
			buildActionMask = 2147483647;
			files = (
				6A0933E11F11E17E00FB131C /* RNUITests.m in Sources */,
			);
			runOnlyForDeploymentPostprocessing = 0;
		};
/* End PBXSourcesBuildPhase section */

/* Begin PBXTargetDependency section */
		6A0933D31F11E17E00FB131C /* PBXTargetDependency */ = {
			isa = PBXTargetDependency;
			target = 6A0933B41F11E17D00FB131C /* RN */;
			targetProxy = 6A0933D21F11E17E00FB131C /* PBXContainerItemProxy */;
		};
		6A0933DE1F11E17E00FB131C /* PBXTargetDependency */ = {
			isa = PBXTargetDependency;
			target = 6A0933B41F11E17D00FB131C /* RN */;
			targetProxy = 6A0933DD1F11E17E00FB131C /* PBXContainerItemProxy */;
		};
/* End PBXTargetDependency section */

/* Begin PBXVariantGroup section */
		6A0933C11F11E17E00FB131C /* Main.storyboard */ = {
			isa = PBXVariantGroup;
			children = (
				6A0933C21F11E17E00FB131C /* Base */,
			);
			name = Main.storyboard;
			sourceTree = "<group>";
		};
		6A0933C91F11E17E00FB131C /* LaunchScreen.storyboard */ = {
			isa = PBXVariantGroup;
			children = (
				6A0933CA1F11E17E00FB131C /* Base */,
			);
			name = LaunchScreen.storyboard;
			sourceTree = "<group>";
		};
/* End PBXVariantGroup section */

/* Begin XCBuildConfiguration section */
		6A0933E31F11E17E00FB131C /* Debug */ = {
			isa = XCBuildConfiguration;
			buildSettings = {
				ALWAYS_SEARCH_USER_PATHS = NO;
				CLANG_ANALYZER_NONNULL = YES;
				CLANG_ANALYZER_NUMBER_OBJECT_CONVERSION = YES_AGGRESSIVE;
				CLANG_CXX_LANGUAGE_STANDARD = "gnu++0x";
				CLANG_CXX_LIBRARY = "libc++";
				CLANG_ENABLE_MODULES = YES;
				CLANG_ENABLE_OBJC_ARC = YES;
				CLANG_WARN_BOOL_CONVERSION = YES;
				CLANG_WARN_CONSTANT_CONVERSION = YES;
				CLANG_WARN_DIRECT_OBJC_ISA_USAGE = YES_ERROR;
				CLANG_WARN_DOCUMENTATION_COMMENTS = YES;
				CLANG_WARN_EMPTY_BODY = YES;
				CLANG_WARN_ENUM_CONVERSION = YES;
				CLANG_WARN_INFINITE_RECURSION = YES;
				CLANG_WARN_INT_CONVERSION = YES;
				CLANG_WARN_OBJC_ROOT_CLASS = YES_ERROR;
				CLANG_WARN_SUSPICIOUS_MOVE = YES;
				CLANG_WARN_UNREACHABLE_CODE = YES;
				CLANG_WARN__DUPLICATE_METHOD_MATCH = YES;
				"CODE_SIGN_IDENTITY[sdk=iphoneos*]" = "iPhone Developer";
				COPY_PHASE_STRIP = NO;
				DEBUG_INFORMATION_FORMAT = dwarf;
				ENABLE_STRICT_OBJC_MSGSEND = YES;
				ENABLE_TESTABILITY = YES;
				GCC_C_LANGUAGE_STANDARD = gnu99;
				GCC_DYNAMIC_NO_PIC = NO;
				GCC_NO_COMMON_BLOCKS = YES;
				GCC_OPTIMIZATION_LEVEL = 0;
				GCC_PREPROCESSOR_DEFINITIONS = (
					"DEBUG=1",
					"$(inherited)",
				);
				GCC_WARN_64_TO_32_BIT_CONVERSION = YES;
				GCC_WARN_ABOUT_RETURN_TYPE = YES_ERROR;
				GCC_WARN_UNDECLARED_SELECTOR = YES;
				GCC_WARN_UNINITIALIZED_AUTOS = YES_AGGRESSIVE;
				GCC_WARN_UNUSED_FUNCTION = YES;
				GCC_WARN_UNUSED_VARIABLE = YES;
				IPHONEOS_DEPLOYMENT_TARGET = 10.3;
				MTL_ENABLE_DEBUG_INFO = YES;
				ONLY_ACTIVE_ARCH = YES;
				SDKROOT = iphoneos;
			};
			name = Debug;
		};
		6A0933E41F11E17E00FB131C /* Release */ = {
			isa = XCBuildConfiguration;
			buildSettings = {
				ALWAYS_SEARCH_USER_PATHS = NO;
				CLANG_ANALYZER_NONNULL = YES;
				CLANG_ANALYZER_NUMBER_OBJECT_CONVERSION = YES_AGGRESSIVE;
				CLANG_CXX_LANGUAGE_STANDARD = "gnu++0x";
				CLANG_CXX_LIBRARY = "libc++";
				CLANG_ENABLE_MODULES = YES;
				CLANG_ENABLE_OBJC_ARC = YES;
				CLANG_WARN_BOOL_CONVERSION = YES;
				CLANG_WARN_CONSTANT_CONVERSION = YES;
				CLANG_WARN_DIRECT_OBJC_ISA_USAGE = YES_ERROR;
				CLANG_WARN_DOCUMENTATION_COMMENTS = YES;
				CLANG_WARN_EMPTY_BODY = YES;
				CLANG_WARN_ENUM_CONVERSION = YES;
				CLANG_WARN_INFINITE_RECURSION = YES;
				CLANG_WARN_INT_CONVERSION = YES;
				CLANG_WARN_OBJC_ROOT_CLASS = YES_ERROR;
				CLANG_WARN_SUSPICIOUS_MOVE = YES;
				CLANG_WARN_UNREACHABLE_CODE = YES;
				CLANG_WARN__DUPLICATE_METHOD_MATCH = YES;
				"CODE_SIGN_IDENTITY[sdk=iphoneos*]" = "iPhone Developer";
				COPY_PHASE_STRIP = NO;
				DEBUG_INFORMATION_FORMAT = "dwarf-with-dsym";
				ENABLE_NS_ASSERTIONS = NO;
				ENABLE_STRICT_OBJC_MSGSEND = YES;
				GCC_C_LANGUAGE_STANDARD = gnu99;
				GCC_NO_COMMON_BLOCKS = YES;
				GCC_WARN_64_TO_32_BIT_CONVERSION = YES;
				GCC_WARN_ABOUT_RETURN_TYPE = YES_ERROR;
				GCC_WARN_UNDECLARED_SELECTOR = YES;
				GCC_WARN_UNINITIALIZED_AUTOS = YES_AGGRESSIVE;
				GCC_WARN_UNUSED_FUNCTION = YES;
				GCC_WARN_UNUSED_VARIABLE = YES;
				IPHONEOS_DEPLOYMENT_TARGET = 10.3;
				MTL_ENABLE_DEBUG_INFO = NO;
				SDKROOT = iphoneos;
				VALIDATE_PRODUCT = YES;
			};
			name = Release;
		};
		6A0933E61F11E17E00FB131C /* Debug */ = {
			isa = XCBuildConfiguration;
			baseConfigurationReference = 14A4241C1622EA65E62398F6 /* Pods-RN.debug.xcconfig */;
			buildSettings = {
				ASSETCATALOG_COMPILER_APPICON_NAME = AppIcon;
				INFOPLIST_FILE = RN/Info.plist;
				IPHONEOS_DEPLOYMENT_TARGET = 7.0;
				LD_RUNPATH_SEARCH_PATHS = "$(inherited) @executable_path/Frameworks";
				PRODUCT_BUNDLE_IDENTIFIER = LL.RN;
				PRODUCT_NAME = "$(TARGET_NAME)";
				USER_HEADER_SEARCH_PATHS = "$(PODS_ROOT)/**";
			};
			name = Debug;
		};
		6A0933E71F11E17E00FB131C /* Release */ = {
			isa = XCBuildConfiguration;
			baseConfigurationReference = BFE89672C66D0714C79E2028 /* Pods-RN.release.xcconfig */;
			buildSettings = {
				ASSETCATALOG_COMPILER_APPICON_NAME = AppIcon;
				INFOPLIST_FILE = RN/Info.plist;
				IPHONEOS_DEPLOYMENT_TARGET = 7.0;
				LD_RUNPATH_SEARCH_PATHS = "$(inherited) @executable_path/Frameworks";
				PRODUCT_BUNDLE_IDENTIFIER = LL.RN;
				PRODUCT_NAME = "$(TARGET_NAME)";
				USER_HEADER_SEARCH_PATHS = "$(PODS_ROOT)/**";
			};
			name = Release;
		};
		6A0933E91F11E17E00FB131C /* Debug */ = {
			isa = XCBuildConfiguration;
			buildSettings = {
				BUNDLE_LOADER = "$(TEST_HOST)";
				INFOPLIST_FILE = RNTests/Info.plist;
				LD_RUNPATH_SEARCH_PATHS = "$(inherited) @executable_path/Frameworks @loader_path/Frameworks";
				PRODUCT_BUNDLE_IDENTIFIER = LL.RNTests;
				PRODUCT_NAME = "$(TARGET_NAME)";
				TEST_HOST = "$(BUILT_PRODUCTS_DIR)/RN.app/RN";
			};
			name = Debug;
		};
		6A0933EA1F11E17E00FB131C /* Release */ = {
			isa = XCBuildConfiguration;
			buildSettings = {
				BUNDLE_LOADER = "$(TEST_HOST)";
				INFOPLIST_FILE = RNTests/Info.plist;
				LD_RUNPATH_SEARCH_PATHS = "$(inherited) @executable_path/Frameworks @loader_path/Frameworks";
				PRODUCT_BUNDLE_IDENTIFIER = LL.RNTests;
				PRODUCT_NAME = "$(TARGET_NAME)";
				TEST_HOST = "$(BUILT_PRODUCTS_DIR)/RN.app/RN";
			};
			name = Release;
		};
		6A0933EC1F11E17E00FB131C /* Debug */ = {
			isa = XCBuildConfiguration;
			buildSettings = {
				INFOPLIST_FILE = RNUITests/Info.plist;
				LD_RUNPATH_SEARCH_PATHS = "$(inherited) @executable_path/Frameworks @loader_path/Frameworks";
				PRODUCT_BUNDLE_IDENTIFIER = LL.RNUITests;
				PRODUCT_NAME = "$(TARGET_NAME)";
				TEST_TARGET_NAME = RN;
			};
			name = Debug;
		};
		6A0933ED1F11E17E00FB131C /* Release */ = {
			isa = XCBuildConfiguration;
			buildSettings = {
				INFOPLIST_FILE = RNUITests/Info.plist;
				LD_RUNPATH_SEARCH_PATHS = "$(inherited) @executable_path/Frameworks @loader_path/Frameworks";
				PRODUCT_BUNDLE_IDENTIFIER = LL.RNUITests;
				PRODUCT_NAME = "$(TARGET_NAME)";
				TEST_TARGET_NAME = RN;
			};
			name = Release;
		};
/* End XCBuildConfiguration section */

/* Begin XCConfigurationList section */
		6A0933B01F11E17D00FB131C /* Build configuration list for PBXProject "RN" */ = {
			isa = XCConfigurationList;
			buildConfigurations = (
				6A0933E31F11E17E00FB131C /* Debug */,
				6A0933E41F11E17E00FB131C /* Release */,
			);
			defaultConfigurationIsVisible = 0;
			defaultConfigurationName = Release;
		};
		6A0933E51F11E17E00FB131C /* Build configuration list for PBXNativeTarget "RN" */ = {
			isa = XCConfigurationList;
			buildConfigurations = (
				6A0933E61F11E17E00FB131C /* Debug */,
				6A0933E71F11E17E00FB131C /* Release */,
			);
			defaultConfigurationIsVisible = 0;
			defaultConfigurationName = Release;
		};
		6A0933E81F11E17E00FB131C /* Build configuration list for PBXNativeTarget "RNTests" */ = {
			isa = XCConfigurationList;
			buildConfigurations = (
				6A0933E91F11E17E00FB131C /* Debug */,
				6A0933EA1F11E17E00FB131C /* Release */,
			);
			defaultConfigurationIsVisible = 0;
			defaultConfigurationName = Release;
		};
		6A0933EB1F11E17E00FB131C /* Build configuration list for PBXNativeTarget "RNUITests" */ = {
			isa = XCConfigurationList;
			buildConfigurations = (
				6A0933EC1F11E17E00FB131C /* Debug */,
				6A0933ED1F11E17E00FB131C /* Release */,
			);
			defaultConfigurationIsVisible = 0;
			defaultConfigurationName = Release;
		};
/* End XCConfigurationList section */

/* Begin XCVersionGroup section */
		6A0933C41F11E17E00FB131C /* RN.xcdatamodeld */ = {
			isa = XCVersionGroup;
			children = (
				6A0933C51F11E17E00FB131C /* RN.xcdatamodel */,
			);
			currentVersion = 6A0933C51F11E17E00FB131C /* RN.xcdatamodel */;
			path = RN.xcdatamodeld;
			sourceTree = "<group>";
			versionGroupType = wrapper.xcdatamodel;
		};
/* End XCVersionGroup section */
	};
	rootObject = 6A0933AD1F11E17D00FB131C /* Project object */;
}
